// !$*UTF8*$!
{
	archiveVersion = 1;
	classes = {
	};
	objectVersion = 46;
	objects = {

/* Begin PBXBuildFile section */
		B20035CB19C4DA5A0026A798 /* blink.gif in Resources */ = {isa = PBXBuildFile; fileRef = B20035CA19C4DA5A0026A798 /* blink.gif */; };
		B20035D019C4DDB50026A798 /* StartScreenViewController.swift in Sources */ = {isa = PBXBuildFile; fileRef = B20035CF19C4DDB50026A798 /* StartScreenViewController.swift */; };
		B20035D319C4E1DE0026A798 /* UIImage+animatedGIF.m in Sources */ = {isa = PBXBuildFile; fileRef = B20035D219C4E1DE0026A798 /* UIImage+animatedGIF.m */; };
		B214A05F19AE323000A82A5B /* Lists.swift in Sources */ = {isa = PBXBuildFile; fileRef = B214A05E19AE323000A82A5B /* Lists.swift */; };
		B214F9071990038100231EEE /* profilepic.png in Resources */ = {isa = PBXBuildFile; fileRef = B214F9061990038100231EEE /* profilepic.png */; };
		B223F16A19D1B1C300959449 /* banner-bg.jpg in Resources */ = {isa = PBXBuildFile; fileRef = B223F16919D1B1C300959449 /* banner-bg.jpg */; };
		B22CE6EE199E526700CB6F98 /* logo.jpg in Resources */ = {isa = PBXBuildFile; fileRef = B22CE6EB199E526700CB6F98 /* logo.jpg */; };
		B22CE6EF199E526700CB6F98 /* logoblue.jpg in Resources */ = {isa = PBXBuildFile; fileRef = B22CE6EC199E526700CB6F98 /* logoblue.jpg */; };
		B22CE6F0199E526700CB6F98 /* logogreen.jpg in Resources */ = {isa = PBXBuildFile; fileRef = B22CE6ED199E526700CB6F98 /* logogreen.jpg */; };
		B23CB69C1992A971000A24D0 /* MKAnnotationView+WebCache.m in Sources */ = {isa = PBXBuildFile; fileRef = B23CB67C1992A971000A24D0 /* MKAnnotationView+WebCache.m */; };
		B23CB69D1992A971000A24D0 /* NSData+ImageContentType.m in Sources */ = {isa = PBXBuildFile; fileRef = B23CB67E1992A971000A24D0 /* NSData+ImageContentType.m */; };
		B23CB69E1992A971000A24D0 /* SDImageCache.m in Sources */ = {isa = PBXBuildFile; fileRef = B23CB6801992A971000A24D0 /* SDImageCache.m */; };
		B23CB69F1992A971000A24D0 /* SDWebImageCompat.m in Sources */ = {isa = PBXBuildFile; fileRef = B23CB6821992A971000A24D0 /* SDWebImageCompat.m */; };
		B23CB6A01992A971000A24D0 /* SDWebImageDecoder.m in Sources */ = {isa = PBXBuildFile; fileRef = B23CB6841992A971000A24D0 /* SDWebImageDecoder.m */; };
		B23CB6A11992A971000A24D0 /* SDWebImageDownloader.m in Sources */ = {isa = PBXBuildFile; fileRef = B23CB6861992A971000A24D0 /* SDWebImageDownloader.m */; };
		B23CB6A21992A971000A24D0 /* SDWebImageDownloaderOperation.m in Sources */ = {isa = PBXBuildFile; fileRef = B23CB6881992A971000A24D0 /* SDWebImageDownloaderOperation.m */; };
		B23CB6A31992A971000A24D0 /* SDWebImageManager.m in Sources */ = {isa = PBXBuildFile; fileRef = B23CB68A1992A971000A24D0 /* SDWebImageManager.m */; };
		B23CB6A41992A971000A24D0 /* SDWebImagePrefetcher.m in Sources */ = {isa = PBXBuildFile; fileRef = B23CB68D1992A971000A24D0 /* SDWebImagePrefetcher.m */; };
		B23CB6A51992A971000A24D0 /* UIButton+WebCache.m in Sources */ = {isa = PBXBuildFile; fileRef = B23CB68F1992A971000A24D0 /* UIButton+WebCache.m */; };
		B23CB6A61992A971000A24D0 /* UIImage+GIF.m in Sources */ = {isa = PBXBuildFile; fileRef = B23CB6911992A971000A24D0 /* UIImage+GIF.m */; };
		B23CB6A71992A971000A24D0 /* UIImage+MultiFormat.m in Sources */ = {isa = PBXBuildFile; fileRef = B23CB6931992A971000A24D0 /* UIImage+MultiFormat.m */; };
		B23CB6A81992A971000A24D0 /* UIImage+WebP.m in Sources */ = {isa = PBXBuildFile; fileRef = B23CB6951992A971000A24D0 /* UIImage+WebP.m */; };
		B23CB6A91992A971000A24D0 /* UIImageView+HighlightedWebCache.m in Sources */ = {isa = PBXBuildFile; fileRef = B23CB6971992A971000A24D0 /* UIImageView+HighlightedWebCache.m */; };
		B23CB6AA1992A971000A24D0 /* UIImageView+WebCache.m in Sources */ = {isa = PBXBuildFile; fileRef = B23CB6991992A971000A24D0 /* UIImageView+WebCache.m */; };
		B23CB6AB1992A971000A24D0 /* UIView+WebCacheOperation.m in Sources */ = {isa = PBXBuildFile; fileRef = B23CB69B1992A971000A24D0 /* UIView+WebCacheOperation.m */; };
		B25E904C19AD121600A7223B /* down4-25.png in Resources */ = {isa = PBXBuildFile; fileRef = B25E904B19AD121600A7223B /* down4-25.png */; };
		B25E904E19AD126200A7223B /* down4-25@2x.png in Resources */ = {isa = PBXBuildFile; fileRef = B25E904D19AD126200A7223B /* down4-25@2x.png */; };
		B25E905119AD128700A7223B /* up4-25.png in Resources */ = {isa = PBXBuildFile; fileRef = B25E904F19AD128700A7223B /* up4-25.png */; };
		B25E905219AD128700A7223B /* up4-25@2x.png in Resources */ = {isa = PBXBuildFile; fileRef = B25E905019AD128700A7223B /* up4-25@2x.png */; };
		B280009A1949857200AC9712 /* APIController.swift in Sources */ = {isa = PBXBuildFile; fileRef = B28000991949857200AC9712 /* APIController.swift */; };
		B280009E19498A9200AC9712 /* Movie.swift in Sources */ = {isa = PBXBuildFile; fileRef = B280009D19498A9200AC9712 /* Movie.swift */; };
		B29063FA196961C10000FD2E /* default.jpeg in Resources */ = {isa = PBXBuildFile; fileRef = B29063F9196961C10000FD2E /* default.jpeg */; };
		B29363B519497CF80062C728 /* AppDelegate.swift in Sources */ = {isa = PBXBuildFile; fileRef = B29363B419497CF80062C728 /* AppDelegate.swift */; };
		B29363B719497CF80062C728 /* SearchViewController.swift in Sources */ = {isa = PBXBuildFile; fileRef = B29363B619497CF80062C728 /* SearchViewController.swift */; };
		B29363BA19497CF80062C728 /* Main.storyboard in Resources */ = {isa = PBXBuildFile; fileRef = B29363B819497CF80062C728 /* Main.storyboard */; };
		B29363BC19497CF80062C728 /* Images.xcassets in Resources */ = {isa = PBXBuildFile; fileRef = B29363BB19497CF80062C728 /* Images.xcassets */; };
		B29363C819497CF80062C728 /* MovieLookUpTests.swift in Sources */ = {isa = PBXBuildFile; fileRef = B29363C719497CF80062C728 /* MovieLookUpTests.swift */; };
		B29438BB1949C70F003F2E93 /* MovieViewController.swift in Sources */ = {isa = PBXBuildFile; fileRef = B29438BA1949C70F003F2E93 /* MovieViewController.swift */; };
		B29673E51985A0EB00C92F17 /* back-25.png in Resources */ = {isa = PBXBuildFile; fileRef = B29673E41985A0EB00C92F17 /* back-25.png */; };
		B29673E71985A10900C92F17 /* back-25@2x.png in Resources */ = {isa = PBXBuildFile; fileRef = B29673E61985A10900C92F17 /* back-25@2x.png */; };
		B29673F01985A26A00C92F17 /* menu-25.png in Resources */ = {isa = PBXBuildFile; fileRef = B29673EE1985A26A00C92F17 /* menu-25.png */; };
		B29673F11985A26A00C92F17 /* menu-25@2x.png in Resources */ = {isa = PBXBuildFile; fileRef = B29673EF1985A26A00C92F17 /* menu-25@2x.png */; };
		B29673F51985A7D600C92F17 /* tv_show-32@2x.png in Resources */ = {isa = PBXBuildFile; fileRef = B29673F41985A7D600C92F17 /* tv_show-32@2x.png */; };
		B29673F71985A80000C92F17 /* stack-32@2x.png in Resources */ = {isa = PBXBuildFile; fileRef = B29673F61985A80000C92F17 /* stack-32@2x.png */; };
		B29673F91985A88E00C92F17 /* info-32@2x.png in Resources */ = {isa = PBXBuildFile; fileRef = B29673F81985A88E00C92F17 /* info-32@2x.png */; };
		B29673FE1985ACC900C92F17 /* plus-25.png in Resources */ = {isa = PBXBuildFile; fileRef = B29673FC1985ACC900C92F17 /* plus-25.png */; };
		B29673FF1985ACC900C92F17 /* plus-25@2x.png in Resources */ = {isa = PBXBuildFile; fileRef = B29673FD1985ACC900C92F17 /* plus-25@2x.png */; };
		B29674021985AD1300C92F17 /* minus-25.png in Resources */ = {isa = PBXBuildFile; fileRef = B29674001985AD1300C92F17 /* minus-25.png */; };
		B29674031985AD1300C92F17 /* minus-25@2x.png in Resources */ = {isa = PBXBuildFile; fileRef = B29674011985AD1300C92F17 /* minus-25@2x.png */; };
		B29674071985B4DF00C92F17 /* RandomizedViewController.swift in Sources */ = {isa = PBXBuildFile; fileRef = B29674061985B4DF00C92F17 /* RandomizedViewController.swift */; };
		B296F9ED19857BFB00BA366D /* CastMoreMoviesViewController.swift in Sources */ = {isa = PBXBuildFile; fileRef = B296F9EC19857BFB00BA366D /* CastMoreMoviesViewController.swift */; };
		B29729301982ED49007B39E7 /* tv_show-32.png in Resources */ = {isa = PBXBuildFile; fileRef = B297292F1982ED49007B39E7 /* tv_show-32.png */; };
		B29729321982ED83007B39E7 /* info-32.png in Resources */ = {isa = PBXBuildFile; fileRef = B29729311982ED83007B39E7 /* info-32.png */; };
		B2972936198304F7007B39E7 /* stack-32.png in Resources */ = {isa = PBXBuildFile; fileRef = B2972935198304F7007B39E7 /* stack-32.png */; };
		B2972938198306D8007B39E7 /* TopListViewController.swift in Sources */ = {isa = PBXBuildFile; fileRef = B2972937198306D8007B39E7 /* TopListViewController.swift */; };
		B29952DD19A24A26009C5E39 /* DiscoverGenreViewController.swift in Sources */ = {isa = PBXBuildFile; fileRef = B29952DC19A24A26009C5E39 /* DiscoverGenreViewController.swift */; };
		B29952DF19A261EB009C5E39 /* DiscoverYearViewController.swift in Sources */ = {isa = PBXBuildFile; fileRef = B29952DE19A261EB009C5E39 /* DiscoverYearViewController.swift */; };
		B29952E119A26532009C5E39 /* DiscoverListViewController.swift in Sources */ = {isa = PBXBuildFile; fileRef = B29952E019A26532009C5E39 /* DiscoverListViewController.swift */; };
		B29952EE19A27A62009C5E39 /* NMRangeSlider.m in Sources */ = {isa = PBXBuildFile; fileRef = B29952EA19A27A62009C5E39 /* NMRangeSlider.m */; };
		B299530F19A29326009C5E39 /* slider-metal-handle-highlighted.png in Resources */ = {isa = PBXBuildFile; fileRef = B299530719A29326009C5E39 /* slider-metal-handle-highlighted.png */; };
		B299531019A29326009C5E39 /* slider-metal-handle-highlighted@2x.png in Resources */ = {isa = PBXBuildFile; fileRef = B299530819A29326009C5E39 /* slider-metal-handle-highlighted@2x.png */; };
		B299531119A29326009C5E39 /* slider-metal-handle.png in Resources */ = {isa = PBXBuildFile; fileRef = B299530919A29326009C5E39 /* slider-metal-handle.png */; };
		B299531219A29326009C5E39 /* slider-metal-handle@2x.png in Resources */ = {isa = PBXBuildFile; fileRef = B299530A19A29326009C5E39 /* slider-metal-handle@2x.png */; };
		B299531319A29326009C5E39 /* slider-metal-track.png in Resources */ = {isa = PBXBuildFile; fileRef = B299530B19A29326009C5E39 /* slider-metal-track.png */; };
		B299531419A29326009C5E39 /* slider-metal-track@2x.png in Resources */ = {isa = PBXBuildFile; fileRef = B299530C19A29326009C5E39 /* slider-metal-track@2x.png */; };
		B299531519A29326009C5E39 /* slider-metal-trackBackground.png in Resources */ = {isa = PBXBuildFile; fileRef = B299530D19A29326009C5E39 /* slider-metal-trackBackground.png */; };
		B299531619A29326009C5E39 /* slider-metal-trackBackground@2x.png in Resources */ = {isa = PBXBuildFile; fileRef = B299530E19A29326009C5E39 /* slider-metal-trackBackground@2x.png */; };
		B299531F19A29335009C5E39 /* slider-default7-handle.png in Resources */ = {isa = PBXBuildFile; fileRef = B299531719A29335009C5E39 /* slider-default7-handle.png */; };
		B299532019A29335009C5E39 /* slider-default7-handle@2x.png in Resources */ = {isa = PBXBuildFile; fileRef = B299531819A29335009C5E39 /* slider-default7-handle@2x.png */; };
		B299532119A29336009C5E39 /* slider-default7-track.png in Resources */ = {isa = PBXBuildFile; fileRef = B299531919A29335009C5E39 /* slider-default7-track.png */; };
		B299532219A29336009C5E39 /* slider-default7-track@2x.png in Resources */ = {isa = PBXBuildFile; fileRef = B299531A19A29335009C5E39 /* slider-default7-track@2x.png */; };
		B299532319A29336009C5E39 /* slider-default7-trackBackground.png in Resources */ = {isa = PBXBuildFile; fileRef = B299531B19A29335009C5E39 /* slider-default7-trackBackground.png */; };
		B299532419A29336009C5E39 /* slider-default7-trackBackground@2x.png in Resources */ = {isa = PBXBuildFile; fileRef = B299531C19A29335009C5E39 /* slider-default7-trackBackground@2x.png */; };
		B299532519A29336009C5E39 /* slider-default7-trackCrossedOver.png in Resources */ = {isa = PBXBuildFile; fileRef = B299531D19A29335009C5E39 /* slider-default7-trackCrossedOver.png */; };
		B299532619A29336009C5E39 /* slider-default7-trackCrossedOver@2x.png in Resources */ = {isa = PBXBuildFile; fileRef = B299531E19A29335009C5E39 /* slider-default7-trackCrossedOver@2x.png */; };
		B299533119A29342009C5E39 /* slider-default_trackBackground@2x.png in Resources */ = {isa = PBXBuildFile; fileRef = B299532719A29342009C5E39 /* slider-default_trackBackground@2x.png */; };
		B299533219A29342009C5E39 /* slider-default-handle-highlighted.png in Resources */ = {isa = PBXBuildFile; fileRef = B299532819A29342009C5E39 /* slider-default-handle-highlighted.png */; };
		B299533319A29342009C5E39 /* slider-default-handle-highlighted@2x.png in Resources */ = {isa = PBXBuildFile; fileRef = B299532919A29342009C5E39 /* slider-default-handle-highlighted@2x.png */; };
		B299533419A29342009C5E39 /* slider-default-handle.png in Resources */ = {isa = PBXBuildFile; fileRef = B299532A19A29342009C5E39 /* slider-default-handle.png */; };
		B299533519A29342009C5E39 /* slider-default-handle@2x.png in Resources */ = {isa = PBXBuildFile; fileRef = B299532B19A29342009C5E39 /* slider-default-handle@2x.png */; };
		B299533619A29342009C5E39 /* slider-default-track.png in Resources */ = {isa = PBXBuildFile; fileRef = B299532C19A29342009C5E39 /* slider-default-track.png */; };
		B299533719A29342009C5E39 /* slider-default-track@2x.png in Resources */ = {isa = PBXBuildFile; fileRef = B299532D19A29342009C5E39 /* slider-default-track@2x.png */; };
		B299533819A29342009C5E39 /* slider-default-trackBackground.png in Resources */ = {isa = PBXBuildFile; fileRef = B299532E19A29342009C5E39 /* slider-default-trackBackground.png */; };
		B299533919A29342009C5E39 /* slider-default-trackCrossedOver.png in Resources */ = {isa = PBXBuildFile; fileRef = B299532F19A29342009C5E39 /* slider-default-trackCrossedOver.png */; };
		B299533A19A29342009C5E39 /* slider-default-trackCrossedOver@2x.png in Resources */ = {isa = PBXBuildFile; fileRef = B299533019A29342009C5E39 /* slider-default-trackCrossedOver@2x.png */; };
		B299FB371976921D00CB7382 /* Cast.swift in Sources */ = {isa = PBXBuildFile; fileRef = B299FB361976921D00CB7382 /* Cast.swift */; };
		B299FB391976970F00CB7382 /* Enum.swift in Sources */ = {isa = PBXBuildFile; fileRef = B299FB381976970F00CB7382 /* Enum.swift */; };
		B299FB3D1976AE3100CB7382 /* CastViewController.swift in Sources */ = {isa = PBXBuildFile; fileRef = B299FB3C1976AE3100CB7382 /* CastViewController.swift */; };
		B299FB6E1976E68200CB7382 /* MovieSelection.xcdatamodeld in Sources */ = {isa = PBXBuildFile; fileRef = B299FB6C1976E68200CB7382 /* MovieSelection.xcdatamodeld */; };
		B299FB721976ED2F00CB7382 /* MovieSelection.swift in Sources */ = {isa = PBXBuildFile; fileRef = B299FB711976ED2F00CB7382 /* MovieSelection.swift */; };
		B299FBD519772A2800CB7382 /* MovieSelectionViewController.swift in Sources */ = {isa = PBXBuildFile; fileRef = B299FBD419772A2800CB7382 /* MovieSelectionViewController.swift */; };
		B29A1B491987020B00979202 /* yayoSensei2.jpg in Resources */ = {isa = PBXBuildFile; fileRef = B29A1B481987020B00979202 /* yayoSensei2.jpg */; };
		B29B0BE919867B0300E89E91 /* NavigationViewController.swift in Sources */ = {isa = PBXBuildFile; fileRef = B29B0BE819867B0300E89E91 /* NavigationViewController.swift */; };
		B29B0BEC19867F1B00E89E91 /* home-25.png in Resources */ = {isa = PBXBuildFile; fileRef = B29B0BEA19867F1B00E89E91 /* home-25.png */; };
		B29B0BED19867F1B00E89E91 /* home-25@2x.png in Resources */ = {isa = PBXBuildFile; fileRef = B29B0BEB19867F1B00E89E91 /* home-25@2x.png */; };
		B29B3FC21990F2EF00A8B5EA /* var_2_1_PoweredByTMDB_Blk_Logo_Bree.png in Resources */ = {isa = PBXBuildFile; fileRef = B29B3FC11990F2EF00A8B5EA /* var_2_1_PoweredByTMDB_Blk_Logo_Bree.png */; };
		B29F93BC19D1EBB8006ED68B /* dice-25.png in Resources */ = {isa = PBXBuildFile; fileRef = B29F93BB19D1EBB8006ED68B /* dice-25.png */; };
		B29F93BE19D1EBCE006ED68B /* dice-25@2x.png in Resources */ = {isa = PBXBuildFile; fileRef = B29F93BD19D1EBCE006ED68B /* dice-25@2x.png */; };
		B29F93C019D1EE89006ED68B /* InformationViewController.swift in Sources */ = {isa = PBXBuildFile; fileRef = B29F93BF19D1EE89006ED68B /* InformationViewController.swift */; };
		B2AEB9E51975AC1700F931D8 /* ImageIO.framework in Frameworks */ = {isa = PBXBuildFile; fileRef = B2AEB9E41975AC1700F931D8 /* ImageIO.framework */; };
		B2CCEB9A19C4F86300EE3845 /* MBProgressHUD.m in Sources */ = {isa = PBXBuildFile; fileRef = B2CCEB9919C4F86300EE3845 /* MBProgressHUD.m */; };
		B2D29A4619499FD5005BECB4 /* default.jpg in Resources */ = {isa = PBXBuildFile; fileRef = B2D29A4519499FD5005BECB4 /* default.jpg */; };
		B2DC1C5819819E8F00515BB4 /* Assets in Resources */ = {isa = PBXBuildFile; fileRef = B2DC1C5719819E8F00515BB4 /* Assets */; };
		B2DC1C5B19819E9A00515BB4 /* YTPlayerView.m in Sources */ = {isa = PBXBuildFile; fileRef = B2DC1C5A19819E9A00515BB4 /* YTPlayerView.m */; };
/* End PBXBuildFile section */

/* Begin PBXContainerItemProxy section */
		B29363C219497CF80062C728 /* PBXContainerItemProxy */ = {
			isa = PBXContainerItemProxy;
			containerPortal = B29363A719497CF80062C728 /* Project object */;
			proxyType = 1;
			remoteGlobalIDString = B29363AE19497CF80062C728;
			remoteInfo = MovieLookUp;
		};
/* End PBXContainerItemProxy section */

/* Begin PBXFileReference section */
		B20035CA19C4DA5A0026A798 /* blink.gif */ = {isa = PBXFileReference; lastKnownFileType = image.gif; path = blink.gif; sourceTree = "<group>"; };
		B20035CF19C4DDB50026A798 /* StartScreenViewController.swift */ = {isa = PBXFileReference; fileEncoding = 4; lastKnownFileType = sourcecode.swift; path = StartScreenViewController.swift; sourceTree = "<group>"; };
		B20035D119C4E1DE0026A798 /* UIImage+animatedGIF.h */ = {isa = PBXFileReference; fileEncoding = 4; lastKnownFileType = sourcecode.c.h; path = "UIImage+animatedGIF.h"; sourceTree = "<group>"; };
		B20035D219C4E1DE0026A798 /* UIImage+animatedGIF.m */ = {isa = PBXFileReference; fileEncoding = 4; lastKnownFileType = sourcecode.c.objc; path = "UIImage+animatedGIF.m"; sourceTree = "<group>"; };
		B214A05E19AE323000A82A5B /* Lists.swift */ = {isa = PBXFileReference; fileEncoding = 4; lastKnownFileType = sourcecode.swift; path = Lists.swift; sourceTree = "<group>"; };
		B214F9061990038100231EEE /* profilepic.png */ = {isa = PBXFileReference; lastKnownFileType = image.png; path = profilepic.png; sourceTree = "<group>"; };
		B223F16919D1B1C300959449 /* banner-bg.jpg */ = {isa = PBXFileReference; lastKnownFileType = image.jpeg; path = "banner-bg.jpg"; sourceTree = "<group>"; };
		B22CE6EB199E526700CB6F98 /* logo.jpg */ = {isa = PBXFileReference; lastKnownFileType = image.jpeg; path = logo.jpg; sourceTree = "<group>"; };
		B22CE6EC199E526700CB6F98 /* logoblue.jpg */ = {isa = PBXFileReference; lastKnownFileType = image.jpeg; path = logoblue.jpg; sourceTree = "<group>"; };
		B22CE6ED199E526700CB6F98 /* logogreen.jpg */ = {isa = PBXFileReference; lastKnownFileType = image.jpeg; path = logogreen.jpg; sourceTree = "<group>"; };
		B23CB67B1992A971000A24D0 /* MKAnnotationView+WebCache.h */ = {isa = PBXFileReference; fileEncoding = 4; lastKnownFileType = sourcecode.c.h; path = "MKAnnotationView+WebCache.h"; sourceTree = "<group>"; };
		B23CB67C1992A971000A24D0 /* MKAnnotationView+WebCache.m */ = {isa = PBXFileReference; fileEncoding = 4; lastKnownFileType = sourcecode.c.objc; path = "MKAnnotationView+WebCache.m"; sourceTree = "<group>"; };
		B23CB67D1992A971000A24D0 /* NSData+ImageContentType.h */ = {isa = PBXFileReference; fileEncoding = 4; lastKnownFileType = sourcecode.c.h; path = "NSData+ImageContentType.h"; sourceTree = "<group>"; };
		B23CB67E1992A971000A24D0 /* NSData+ImageContentType.m */ = {isa = PBXFileReference; fileEncoding = 4; lastKnownFileType = sourcecode.c.objc; path = "NSData+ImageContentType.m"; sourceTree = "<group>"; };
		B23CB67F1992A971000A24D0 /* SDImageCache.h */ = {isa = PBXFileReference; fileEncoding = 4; lastKnownFileType = sourcecode.c.h; path = SDImageCache.h; sourceTree = "<group>"; };
		B23CB6801992A971000A24D0 /* SDImageCache.m */ = {isa = PBXFileReference; fileEncoding = 4; lastKnownFileType = sourcecode.c.objc; path = SDImageCache.m; sourceTree = "<group>"; };
		B23CB6811992A971000A24D0 /* SDWebImageCompat.h */ = {isa = PBXFileReference; fileEncoding = 4; lastKnownFileType = sourcecode.c.h; path = SDWebImageCompat.h; sourceTree = "<group>"; };
		B23CB6821992A971000A24D0 /* SDWebImageCompat.m */ = {isa = PBXFileReference; fileEncoding = 4; lastKnownFileType = sourcecode.c.objc; path = SDWebImageCompat.m; sourceTree = "<group>"; };
		B23CB6831992A971000A24D0 /* SDWebImageDecoder.h */ = {isa = PBXFileReference; fileEncoding = 4; lastKnownFileType = sourcecode.c.h; path = SDWebImageDecoder.h; sourceTree = "<group>"; };
		B23CB6841992A971000A24D0 /* SDWebImageDecoder.m */ = {isa = PBXFileReference; fileEncoding = 4; lastKnownFileType = sourcecode.c.objc; path = SDWebImageDecoder.m; sourceTree = "<group>"; };
		B23CB6851992A971000A24D0 /* SDWebImageDownloader.h */ = {isa = PBXFileReference; fileEncoding = 4; lastKnownFileType = sourcecode.c.h; path = SDWebImageDownloader.h; sourceTree = "<group>"; };
		B23CB6861992A971000A24D0 /* SDWebImageDownloader.m */ = {isa = PBXFileReference; fileEncoding = 4; lastKnownFileType = sourcecode.c.objc; path = SDWebImageDownloader.m; sourceTree = "<group>"; };
		B23CB6871992A971000A24D0 /* SDWebImageDownloaderOperation.h */ = {isa = PBXFileReference; fileEncoding = 4; lastKnownFileType = sourcecode.c.h; path = SDWebImageDownloaderOperation.h; sourceTree = "<group>"; };
		B23CB6881992A971000A24D0 /* SDWebImageDownloaderOperation.m */ = {isa = PBXFileReference; fileEncoding = 4; lastKnownFileType = sourcecode.c.objc; path = SDWebImageDownloaderOperation.m; sourceTree = "<group>"; };
		B23CB6891992A971000A24D0 /* SDWebImageManager.h */ = {isa = PBXFileReference; fileEncoding = 4; lastKnownFileType = sourcecode.c.h; path = SDWebImageManager.h; sourceTree = "<group>"; };
		B23CB68A1992A971000A24D0 /* SDWebImageManager.m */ = {isa = PBXFileReference; fileEncoding = 4; lastKnownFileType = sourcecode.c.objc; path = SDWebImageManager.m; sourceTree = "<group>"; };
		B23CB68B1992A971000A24D0 /* SDWebImageOperation.h */ = {isa = PBXFileReference; fileEncoding = 4; lastKnownFileType = sourcecode.c.h; path = SDWebImageOperation.h; sourceTree = "<group>"; };
		B23CB68C1992A971000A24D0 /* SDWebImagePrefetcher.h */ = {isa = PBXFileReference; fileEncoding = 4; lastKnownFileType = sourcecode.c.h; path = SDWebImagePrefetcher.h; sourceTree = "<group>"; };
		B23CB68D1992A971000A24D0 /* SDWebImagePrefetcher.m */ = {isa = PBXFileReference; fileEncoding = 4; lastKnownFileType = sourcecode.c.objc; path = SDWebImagePrefetcher.m; sourceTree = "<group>"; };
		B23CB68E1992A971000A24D0 /* UIButton+WebCache.h */ = {isa = PBXFileReference; fileEncoding = 4; lastKnownFileType = sourcecode.c.h; path = "UIButton+WebCache.h"; sourceTree = "<group>"; };
		B23CB68F1992A971000A24D0 /* UIButton+WebCache.m */ = {isa = PBXFileReference; fileEncoding = 4; lastKnownFileType = sourcecode.c.objc; path = "UIButton+WebCache.m"; sourceTree = "<group>"; };
		B23CB6901992A971000A24D0 /* UIImage+GIF.h */ = {isa = PBXFileReference; fileEncoding = 4; lastKnownFileType = sourcecode.c.h; path = "UIImage+GIF.h"; sourceTree = "<group>"; };
		B23CB6911992A971000A24D0 /* UIImage+GIF.m */ = {isa = PBXFileReference; fileEncoding = 4; lastKnownFileType = sourcecode.c.objc; path = "UIImage+GIF.m"; sourceTree = "<group>"; };
		B23CB6921992A971000A24D0 /* UIImage+MultiFormat.h */ = {isa = PBXFileReference; fileEncoding = 4; lastKnownFileType = sourcecode.c.h; path = "UIImage+MultiFormat.h"; sourceTree = "<group>"; };
		B23CB6931992A971000A24D0 /* UIImage+MultiFormat.m */ = {isa = PBXFileReference; fileEncoding = 4; lastKnownFileType = sourcecode.c.objc; path = "UIImage+MultiFormat.m"; sourceTree = "<group>"; };
		B23CB6941992A971000A24D0 /* UIImage+WebP.h */ = {isa = PBXFileReference; fileEncoding = 4; lastKnownFileType = sourcecode.c.h; path = "UIImage+WebP.h"; sourceTree = "<group>"; };
		B23CB6951992A971000A24D0 /* UIImage+WebP.m */ = {isa = PBXFileReference; fileEncoding = 4; lastKnownFileType = sourcecode.c.objc; path = "UIImage+WebP.m"; sourceTree = "<group>"; };
		B23CB6961992A971000A24D0 /* UIImageView+HighlightedWebCache.h */ = {isa = PBXFileReference; fileEncoding = 4; lastKnownFileType = sourcecode.c.h; path = "UIImageView+HighlightedWebCache.h"; sourceTree = "<group>"; };
		B23CB6971992A971000A24D0 /* UIImageView+HighlightedWebCache.m */ = {isa = PBXFileReference; fileEncoding = 4; lastKnownFileType = sourcecode.c.objc; path = "UIImageView+HighlightedWebCache.m"; sourceTree = "<group>"; };
		B23CB6981992A971000A24D0 /* UIImageView+WebCache.h */ = {isa = PBXFileReference; fileEncoding = 4; lastKnownFileType = sourcecode.c.h; path = "UIImageView+WebCache.h"; sourceTree = "<group>"; };
		B23CB6991992A971000A24D0 /* UIImageView+WebCache.m */ = {isa = PBXFileReference; fileEncoding = 4; lastKnownFileType = sourcecode.c.objc; path = "UIImageView+WebCache.m"; sourceTree = "<group>"; };
		B23CB69A1992A971000A24D0 /* UIView+WebCacheOperation.h */ = {isa = PBXFileReference; fileEncoding = 4; lastKnownFileType = sourcecode.c.h; path = "UIView+WebCacheOperation.h"; sourceTree = "<group>"; };
		B23CB69B1992A971000A24D0 /* UIView+WebCacheOperation.m */ = {isa = PBXFileReference; fileEncoding = 4; lastKnownFileType = sourcecode.c.objc; path = "UIView+WebCacheOperation.m"; sourceTree = "<group>"; };
		B25E904B19AD121600A7223B /* down4-25.png */ = {isa = PBXFileReference; lastKnownFileType = image.png; path = "down4-25.png"; sourceTree = "<group>"; };
		B25E904D19AD126200A7223B /* down4-25@2x.png */ = {isa = PBXFileReference; lastKnownFileType = image.png; path = "down4-25@2x.png"; sourceTree = "<group>"; };
		B25E904F19AD128700A7223B /* up4-25.png */ = {isa = PBXFileReference; lastKnownFileType = image.png; path = "up4-25.png"; sourceTree = "<group>"; };
		B25E905019AD128700A7223B /* up4-25@2x.png */ = {isa = PBXFileReference; lastKnownFileType = image.png; path = "up4-25@2x.png"; sourceTree = "<group>"; };
		B28000991949857200AC9712 /* APIController.swift */ = {isa = PBXFileReference; fileEncoding = 4; lastKnownFileType = sourcecode.swift; path = APIController.swift; sourceTree = "<group>"; };
		B280009D19498A9200AC9712 /* Movie.swift */ = {isa = PBXFileReference; fileEncoding = 4; lastKnownFileType = sourcecode.swift; path = Movie.swift; sourceTree = "<group>"; };
		B29063F9196961C10000FD2E /* default.jpeg */ = {isa = PBXFileReference; lastKnownFileType = image.jpeg; path = default.jpeg; sourceTree = "<group>"; };
		B29363AF19497CF80062C728 /* MovieSensei.app */ = {isa = PBXFileReference; explicitFileType = wrapper.application; includeInIndex = 0; path = MovieSensei.app; sourceTree = BUILT_PRODUCTS_DIR; };
		B29363B319497CF80062C728 /* Info.plist */ = {isa = PBXFileReference; lastKnownFileType = text.plist.xml; path = Info.plist; sourceTree = "<group>"; };
		B29363B419497CF80062C728 /* AppDelegate.swift */ = {isa = PBXFileReference; lastKnownFileType = sourcecode.swift; path = AppDelegate.swift; sourceTree = "<group>"; };
		B29363B619497CF80062C728 /* SearchViewController.swift */ = {isa = PBXFileReference; lastKnownFileType = sourcecode.swift; path = SearchViewController.swift; sourceTree = "<group>"; };
		B29363B919497CF80062C728 /* Base */ = {isa = PBXFileReference; lastKnownFileType = file.storyboard; name = Base; path = Base.lproj/Main.storyboard; sourceTree = "<group>"; };
		B29363BB19497CF80062C728 /* Images.xcassets */ = {isa = PBXFileReference; lastKnownFileType = folder.assetcatalog; path = Images.xcassets; sourceTree = "<group>"; };
		B29363C119497CF80062C728 /* MovieSenseiTests.xctest */ = {isa = PBXFileReference; explicitFileType = wrapper.cfbundle; includeInIndex = 0; path = MovieSenseiTests.xctest; sourceTree = BUILT_PRODUCTS_DIR; };
		B29363C619497CF80062C728 /* Info.plist */ = {isa = PBXFileReference; lastKnownFileType = text.plist.xml; path = Info.plist; sourceTree = "<group>"; };
		B29363C719497CF80062C728 /* MovieLookUpTests.swift */ = {isa = PBXFileReference; lastKnownFileType = sourcecode.swift; path = MovieLookUpTests.swift; sourceTree = "<group>"; };
		B29438BA1949C70F003F2E93 /* MovieViewController.swift */ = {isa = PBXFileReference; fileEncoding = 4; lastKnownFileType = sourcecode.swift; path = MovieViewController.swift; sourceTree = "<group>"; };
		B29673E41985A0EB00C92F17 /* back-25.png */ = {isa = PBXFileReference; lastKnownFileType = image.png; path = "back-25.png"; sourceTree = "<group>"; };
		B29673E61985A10900C92F17 /* back-25@2x.png */ = {isa = PBXFileReference; lastKnownFileType = image.png; path = "back-25@2x.png"; sourceTree = "<group>"; };
		B29673EE1985A26A00C92F17 /* menu-25.png */ = {isa = PBXFileReference; lastKnownFileType = image.png; path = "menu-25.png"; sourceTree = "<group>"; };
		B29673EF1985A26A00C92F17 /* menu-25@2x.png */ = {isa = PBXFileReference; lastKnownFileType = image.png; path = "menu-25@2x.png"; sourceTree = "<group>"; };
		B29673F41985A7D600C92F17 /* tv_show-32@2x.png */ = {isa = PBXFileReference; lastKnownFileType = image.png; path = "tv_show-32@2x.png"; sourceTree = "<group>"; };
		B29673F61985A80000C92F17 /* stack-32@2x.png */ = {isa = PBXFileReference; lastKnownFileType = image.png; path = "stack-32@2x.png"; sourceTree = "<group>"; };
		B29673F81985A88E00C92F17 /* info-32@2x.png */ = {isa = PBXFileReference; lastKnownFileType = image.png; path = "info-32@2x.png"; sourceTree = "<group>"; };
		B29673FC1985ACC900C92F17 /* plus-25.png */ = {isa = PBXFileReference; lastKnownFileType = image.png; path = "plus-25.png"; sourceTree = "<group>"; };
		B29673FD1985ACC900C92F17 /* plus-25@2x.png */ = {isa = PBXFileReference; lastKnownFileType = image.png; path = "plus-25@2x.png"; sourceTree = "<group>"; };
		B29674001985AD1300C92F17 /* minus-25.png */ = {isa = PBXFileReference; lastKnownFileType = image.png; path = "minus-25.png"; sourceTree = "<group>"; };
		B29674011985AD1300C92F17 /* minus-25@2x.png */ = {isa = PBXFileReference; lastKnownFileType = image.png; path = "minus-25@2x.png"; sourceTree = "<group>"; };
		B29674061985B4DF00C92F17 /* RandomizedViewController.swift */ = {isa = PBXFileReference; fileEncoding = 4; lastKnownFileType = sourcecode.swift; path = RandomizedViewController.swift; sourceTree = "<group>"; };
		B296F9EC19857BFB00BA366D /* CastMoreMoviesViewController.swift */ = {isa = PBXFileReference; fileEncoding = 4; lastKnownFileType = sourcecode.swift; path = CastMoreMoviesViewController.swift; sourceTree = "<group>"; };
		B297292F1982ED49007B39E7 /* tv_show-32.png */ = {isa = PBXFileReference; lastKnownFileType = image.png; path = "tv_show-32.png"; sourceTree = "<group>"; };
		B29729311982ED83007B39E7 /* info-32.png */ = {isa = PBXFileReference; lastKnownFileType = image.png; path = "info-32.png"; sourceTree = "<group>"; };
		B2972935198304F7007B39E7 /* stack-32.png */ = {isa = PBXFileReference; lastKnownFileType = image.png; path = "stack-32.png"; sourceTree = "<group>"; };
		B2972937198306D8007B39E7 /* TopListViewController.swift */ = {isa = PBXFileReference; fileEncoding = 4; lastKnownFileType = sourcecode.swift; path = TopListViewController.swift; sourceTree = "<group>"; };
		B29952DC19A24A26009C5E39 /* DiscoverGenreViewController.swift */ = {isa = PBXFileReference; fileEncoding = 4; lastKnownFileType = sourcecode.swift; path = DiscoverGenreViewController.swift; sourceTree = "<group>"; };
		B29952DE19A261EB009C5E39 /* DiscoverYearViewController.swift */ = {isa = PBXFileReference; fileEncoding = 4; lastKnownFileType = sourcecode.swift; path = DiscoverYearViewController.swift; sourceTree = "<group>"; };
		B29952E019A26532009C5E39 /* DiscoverListViewController.swift */ = {isa = PBXFileReference; fileEncoding = 4; lastKnownFileType = sourcecode.swift; path = DiscoverListViewController.swift; sourceTree = "<group>"; };
		B29952E919A27A62009C5E39 /* NMRangeSlider.h */ = {isa = PBXFileReference; fileEncoding = 4; lastKnownFileType = sourcecode.c.h; path = NMRangeSlider.h; sourceTree = "<group>"; };
		B29952EA19A27A62009C5E39 /* NMRangeSlider.m */ = {isa = PBXFileReference; fileEncoding = 4; lastKnownFileType = sourcecode.c.objc; path = NMRangeSlider.m; sourceTree = "<group>"; };
		B299530719A29326009C5E39 /* slider-metal-handle-highlighted.png */ = {isa = PBXFileReference; lastKnownFileType = image.png; path = "slider-metal-handle-highlighted.png"; sourceTree = "<group>"; };
		B299530819A29326009C5E39 /* slider-metal-handle-highlighted@2x.png */ = {isa = PBXFileReference; lastKnownFileType = image.png; path = "slider-metal-handle-highlighted@2x.png"; sourceTree = "<group>"; };
		B299530919A29326009C5E39 /* slider-metal-handle.png */ = {isa = PBXFileReference; lastKnownFileType = image.png; path = "slider-metal-handle.png"; sourceTree = "<group>"; };
		B299530A19A29326009C5E39 /* slider-metal-handle@2x.png */ = {isa = PBXFileReference; lastKnownFileType = image.png; path = "slider-metal-handle@2x.png"; sourceTree = "<group>"; };
		B299530B19A29326009C5E39 /* slider-metal-track.png */ = {isa = PBXFileReference; lastKnownFileType = image.png; path = "slider-metal-track.png"; sourceTree = "<group>"; };
		B299530C19A29326009C5E39 /* slider-metal-track@2x.png */ = {isa = PBXFileReference; lastKnownFileType = image.png; path = "slider-metal-track@2x.png"; sourceTree = "<group>"; };
		B299530D19A29326009C5E39 /* slider-metal-trackBackground.png */ = {isa = PBXFileReference; lastKnownFileType = image.png; path = "slider-metal-trackBackground.png"; sourceTree = "<group>"; };
		B299530E19A29326009C5E39 /* slider-metal-trackBackground@2x.png */ = {isa = PBXFileReference; lastKnownFileType = image.png; path = "slider-metal-trackBackground@2x.png"; sourceTree = "<group>"; };
		B299531719A29335009C5E39 /* slider-default7-handle.png */ = {isa = PBXFileReference; lastKnownFileType = image.png; path = "slider-default7-handle.png"; sourceTree = "<group>"; };
		B299531819A29335009C5E39 /* slider-default7-handle@2x.png */ = {isa = PBXFileReference; lastKnownFileType = image.png; path = "slider-default7-handle@2x.png"; sourceTree = "<group>"; };
		B299531919A29335009C5E39 /* slider-default7-track.png */ = {isa = PBXFileReference; lastKnownFileType = image.png; path = "slider-default7-track.png"; sourceTree = "<group>"; };
		B299531A19A29335009C5E39 /* slider-default7-track@2x.png */ = {isa = PBXFileReference; lastKnownFileType = image.png; path = "slider-default7-track@2x.png"; sourceTree = "<group>"; };
		B299531B19A29335009C5E39 /* slider-default7-trackBackground.png */ = {isa = PBXFileReference; lastKnownFileType = image.png; path = "slider-default7-trackBackground.png"; sourceTree = "<group>"; };
		B299531C19A29335009C5E39 /* slider-default7-trackBackground@2x.png */ = {isa = PBXFileReference; lastKnownFileType = image.png; path = "slider-default7-trackBackground@2x.png"; sourceTree = "<group>"; };
		B299531D19A29335009C5E39 /* slider-default7-trackCrossedOver.png */ = {isa = PBXFileReference; lastKnownFileType = image.png; path = "slider-default7-trackCrossedOver.png"; sourceTree = "<group>"; };
		B299531E19A29335009C5E39 /* slider-default7-trackCrossedOver@2x.png */ = {isa = PBXFileReference; lastKnownFileType = image.png; path = "slider-default7-trackCrossedOver@2x.png"; sourceTree = "<group>"; };
		B299532719A29342009C5E39 /* slider-default_trackBackground@2x.png */ = {isa = PBXFileReference; lastKnownFileType = image.png; path = "slider-default_trackBackground@2x.png"; sourceTree = "<group>"; };
		B299532819A29342009C5E39 /* slider-default-handle-highlighted.png */ = {isa = PBXFileReference; lastKnownFileType = image.png; path = "slider-default-handle-highlighted.png"; sourceTree = "<group>"; };
		B299532919A29342009C5E39 /* slider-default-handle-highlighted@2x.png */ = {isa = PBXFileReference; lastKnownFileType = image.png; path = "slider-default-handle-highlighted@2x.png"; sourceTree = "<group>"; };
		B299532A19A29342009C5E39 /* slider-default-handle.png */ = {isa = PBXFileReference; lastKnownFileType = image.png; path = "slider-default-handle.png"; sourceTree = "<group>"; };
		B299532B19A29342009C5E39 /* slider-default-handle@2x.png */ = {isa = PBXFileReference; lastKnownFileType = image.png; path = "slider-default-handle@2x.png"; sourceTree = "<group>"; };
		B299532C19A29342009C5E39 /* slider-default-track.png */ = {isa = PBXFileReference; lastKnownFileType = image.png; path = "slider-default-track.png"; sourceTree = "<group>"; };
		B299532D19A29342009C5E39 /* slider-default-track@2x.png */ = {isa = PBXFileReference; lastKnownFileType = image.png; path = "slider-default-track@2x.png"; sourceTree = "<group>"; };
		B299532E19A29342009C5E39 /* slider-default-trackBackground.png */ = {isa = PBXFileReference; lastKnownFileType = image.png; path = "slider-default-trackBackground.png"; sourceTree = "<group>"; };
		B299532F19A29342009C5E39 /* slider-default-trackCrossedOver.png */ = {isa = PBXFileReference; lastKnownFileType = image.png; path = "slider-default-trackCrossedOver.png"; sourceTree = "<group>"; };
		B299533019A29342009C5E39 /* slider-default-trackCrossedOver@2x.png */ = {isa = PBXFileReference; lastKnownFileType = image.png; path = "slider-default-trackCrossedOver@2x.png"; sourceTree = "<group>"; };
		B299FB361976921D00CB7382 /* Cast.swift */ = {isa = PBXFileReference; fileEncoding = 4; lastKnownFileType = sourcecode.swift; path = Cast.swift; sourceTree = "<group>"; };
		B299FB381976970F00CB7382 /* Enum.swift */ = {isa = PBXFileReference; fileEncoding = 4; lastKnownFileType = sourcecode.swift; path = Enum.swift; sourceTree = "<group>"; };
		B299FB3C1976AE3100CB7382 /* CastViewController.swift */ = {isa = PBXFileReference; fileEncoding = 4; lastKnownFileType = sourcecode.swift; path = CastViewController.swift; sourceTree = "<group>"; };
		B299FB6D1976E68200CB7382 /* MovieSelection.xcdatamodel */ = {isa = PBXFileReference; lastKnownFileType = wrapper.xcdatamodel; path = MovieSelection.xcdatamodel; sourceTree = "<group>"; };
		B299FB711976ED2F00CB7382 /* MovieSelection.swift */ = {isa = PBXFileReference; fileEncoding = 4; lastKnownFileType = sourcecode.swift; path = MovieSelection.swift; sourceTree = "<group>"; };
		B299FBD419772A2800CB7382 /* MovieSelectionViewController.swift */ = {isa = PBXFileReference; fileEncoding = 4; lastKnownFileType = sourcecode.swift; path = MovieSelectionViewController.swift; sourceTree = "<group>"; };
		B29A1B481987020B00979202 /* yayoSensei2.jpg */ = {isa = PBXFileReference; lastKnownFileType = image.jpeg; path = yayoSensei2.jpg; sourceTree = "<group>"; };
		B29B0BE819867B0300E89E91 /* NavigationViewController.swift */ = {isa = PBXFileReference; fileEncoding = 4; lastKnownFileType = sourcecode.swift; path = NavigationViewController.swift; sourceTree = "<group>"; };
		B29B0BEA19867F1B00E89E91 /* home-25.png */ = {isa = PBXFileReference; lastKnownFileType = image.png; path = "home-25.png"; sourceTree = "<group>"; };
		B29B0BEB19867F1B00E89E91 /* home-25@2x.png */ = {isa = PBXFileReference; lastKnownFileType = image.png; path = "home-25@2x.png"; sourceTree = "<group>"; };
		B29B3FC11990F2EF00A8B5EA /* var_2_1_PoweredByTMDB_Blk_Logo_Bree.png */ = {isa = PBXFileReference; lastKnownFileType = image.png; path = var_2_1_PoweredByTMDB_Blk_Logo_Bree.png; sourceTree = "<group>"; };
		B29F93BB19D1EBB8006ED68B /* dice-25.png */ = {isa = PBXFileReference; lastKnownFileType = image.png; path = "dice-25.png"; sourceTree = "<group>"; };
		B29F93BD19D1EBCE006ED68B /* dice-25@2x.png */ = {isa = PBXFileReference; lastKnownFileType = image.png; path = "dice-25@2x.png"; sourceTree = "<group>"; };
		B29F93BF19D1EE89006ED68B /* InformationViewController.swift */ = {isa = PBXFileReference; fileEncoding = 4; lastKnownFileType = sourcecode.swift; path = InformationViewController.swift; sourceTree = "<group>"; };
		B2AEB9E41975AC1700F931D8 /* ImageIO.framework */ = {isa = PBXFileReference; lastKnownFileType = wrapper.framework; name = ImageIO.framework; path = System/Library/Frameworks/ImageIO.framework; sourceTree = SDKROOT; };
		B2AEBA4F1975B0C000F931D8 /* MovieLookUp-Bridging-Header.h */ = {isa = PBXFileReference; lastKnownFileType = sourcecode.c.h; path = "MovieLookUp-Bridging-Header.h"; sourceTree = "<group>"; };
		B2CCEB9819C4F86300EE3845 /* MBProgressHUD.h */ = {isa = PBXFileReference; fileEncoding = 4; lastKnownFileType = sourcecode.c.h; path = MBProgressHUD.h; sourceTree = "<group>"; };
		B2CCEB9919C4F86300EE3845 /* MBProgressHUD.m */ = {isa = PBXFileReference; fileEncoding = 4; lastKnownFileType = sourcecode.c.objc; path = MBProgressHUD.m; sourceTree = "<group>"; };
		B2D29A4519499FD5005BECB4 /* default.jpg */ = {isa = PBXFileReference; lastKnownFileType = image.jpeg; path = default.jpg; sourceTree = "<group>"; };
		B2DC1C5719819E8F00515BB4 /* Assets */ = {isa = PBXFileReference; lastKnownFileType = folder; path = Assets; sourceTree = "<group>"; };
		B2DC1C5919819E9A00515BB4 /* YTPlayerView.h */ = {isa = PBXFileReference; fileEncoding = 4; lastKnownFileType = sourcecode.c.h; path = YTPlayerView.h; sourceTree = "<group>"; };
		B2DC1C5A19819E9A00515BB4 /* YTPlayerView.m */ = {isa = PBXFileReference; fileEncoding = 4; lastKnownFileType = sourcecode.c.objc; path = YTPlayerView.m; sourceTree = "<group>"; };
/* End PBXFileReference section */

/* Begin PBXFrameworksBuildPhase section */
		B29363AC19497CF80062C728 /* Frameworks */ = {
			isa = PBXFrameworksBuildPhase;
			buildActionMask = 2147483647;
			files = (
				B2AEB9E51975AC1700F931D8 /* ImageIO.framework in Frameworks */,
			);
			runOnlyForDeploymentPostprocessing = 0;
		};
		B29363BE19497CF80062C728 /* Frameworks */ = {
			isa = PBXFrameworksBuildPhase;
			buildActionMask = 2147483647;
			files = (
			);
			runOnlyForDeploymentPostprocessing = 0;
		};
/* End PBXFrameworksBuildPhase section */

/* Begin PBXGroup section */
		B23CB67A1992A958000A24D0 /* SDWebImage */ = {
			isa = PBXGroup;
			children = (
				B23CB67B1992A971000A24D0 /* MKAnnotationView+WebCache.h */,
				B23CB67C1992A971000A24D0 /* MKAnnotationView+WebCache.m */,
				B23CB67D1992A971000A24D0 /* NSData+ImageContentType.h */,
				B23CB67E1992A971000A24D0 /* NSData+ImageContentType.m */,
				B23CB67F1992A971000A24D0 /* SDImageCache.h */,
				B23CB6801992A971000A24D0 /* SDImageCache.m */,
				B23CB6811992A971000A24D0 /* SDWebImageCompat.h */,
				B23CB6821992A971000A24D0 /* SDWebImageCompat.m */,
				B23CB6831992A971000A24D0 /* SDWebImageDecoder.h */,
				B23CB6841992A971000A24D0 /* SDWebImageDecoder.m */,
				B23CB6851992A971000A24D0 /* SDWebImageDownloader.h */,
				B23CB6861992A971000A24D0 /* SDWebImageDownloader.m */,
				B23CB6871992A971000A24D0 /* SDWebImageDownloaderOperation.h */,
				B23CB6881992A971000A24D0 /* SDWebImageDownloaderOperation.m */,
				B23CB6891992A971000A24D0 /* SDWebImageManager.h */,
				B23CB68A1992A971000A24D0 /* SDWebImageManager.m */,
				B23CB68B1992A971000A24D0 /* SDWebImageOperation.h */,
				B23CB68C1992A971000A24D0 /* SDWebImagePrefetcher.h */,
				B23CB68D1992A971000A24D0 /* SDWebImagePrefetcher.m */,
				B23CB68E1992A971000A24D0 /* UIButton+WebCache.h */,
				B23CB68F1992A971000A24D0 /* UIButton+WebCache.m */,
				B23CB6901992A971000A24D0 /* UIImage+GIF.h */,
				B23CB6911992A971000A24D0 /* UIImage+GIF.m */,
				B23CB6921992A971000A24D0 /* UIImage+MultiFormat.h */,
				B23CB6931992A971000A24D0 /* UIImage+MultiFormat.m */,
				B23CB6941992A971000A24D0 /* UIImage+WebP.h */,
				B23CB6951992A971000A24D0 /* UIImage+WebP.m */,
				B23CB6961992A971000A24D0 /* UIImageView+HighlightedWebCache.h */,
				B23CB6971992A971000A24D0 /* UIImageView+HighlightedWebCache.m */,
				B23CB6981992A971000A24D0 /* UIImageView+WebCache.h */,
				B23CB6991992A971000A24D0 /* UIImageView+WebCache.m */,
				B23CB69A1992A971000A24D0 /* UIView+WebCacheOperation.h */,
				B23CB69B1992A971000A24D0 /* UIView+WebCacheOperation.m */,
			);
			name = SDWebImage;
			path = MovieLookUp;
			sourceTree = "<group>";
		};
		B29363A619497CF80062C728 = {
			isa = PBXGroup;
			children = (
				B29952E519A27A05009C5E39 /* NMRangeSlider */,
				B23CB67A1992A958000A24D0 /* SDWebImage */,
				B2AEB9E41975AC1700F931D8 /* ImageIO.framework */,
				B29363B119497CF80062C728 /* MovieLookUp */,
				B29363C419497CF80062C728 /* MovieLookUpTests */,
				B29363B019497CF80062C728 /* Products */,
			);
			sourceTree = "<group>";
		};
		B29363B019497CF80062C728 /* Products */ = {
			isa = PBXGroup;
			children = (
				B29363AF19497CF80062C728 /* MovieSensei.app */,
				B29363C119497CF80062C728 /* MovieSenseiTests.xctest */,
			);
			name = Products;
			sourceTree = "<group>";
		};
		B29363B119497CF80062C728 /* MovieLookUp */ = {
			isa = PBXGroup;
			children = (
				B2CCEB9819C4F86300EE3845 /* MBProgressHUD.h */,
				B2CCEB9919C4F86300EE3845 /* MBProgressHUD.m */,
				B20035D119C4E1DE0026A798 /* UIImage+animatedGIF.h */,
				B20035D219C4E1DE0026A798 /* UIImage+animatedGIF.m */,
				B2DC1C5919819E9A00515BB4 /* YTPlayerView.h */,
				B2DC1C5A19819E9A00515BB4 /* YTPlayerView.m */,
				B2DC1C5719819E8F00515BB4 /* Assets */,
				B28000991949857200AC9712 /* APIController.swift */,
				B299FB381976970F00CB7382 /* Enum.swift */,
				B29363B419497CF80062C728 /* AppDelegate.swift */,
				B299FBD01977215B00CB7382 /* ViewControllers */,
				B299FBD11977221E00CB7382 /* Models */,
				B29363B819497CF80062C728 /* Main.storyboard */,
				B2AEBA4F1975B0C000F931D8 /* MovieLookUp-Bridging-Header.h */,
				B299FB6C1976E68200CB7382 /* MovieSelection.xcdatamodeld */,
				B29363BB19497CF80062C728 /* Images.xcassets */,
				B297292E1982EC37007B39E7 /* Images */,
				B29363B219497CF80062C728 /* Supporting Files */,
			);
			path = MovieLookUp;
			sourceTree = "<group>";
		};
		B29363B219497CF80062C728 /* Supporting Files */ = {
			isa = PBXGroup;
			children = (
				B29363B319497CF80062C728 /* Info.plist */,
			);
			name = "Supporting Files";
			sourceTree = "<group>";
		};
		B29363C419497CF80062C728 /* MovieLookUpTests */ = {
			isa = PBXGroup;
			children = (
				B29363C719497CF80062C728 /* MovieLookUpTests.swift */,
				B29363C519497CF80062C728 /* Supporting Files */,
			);
			path = MovieLookUpTests;
			sourceTree = "<group>";
		};
		B29363C519497CF80062C728 /* Supporting Files */ = {
			isa = PBXGroup;
			children = (
				B29363C619497CF80062C728 /* Info.plist */,
			);
			name = "Supporting Files";
			sourceTree = "<group>";
		};
		B297292E1982EC37007B39E7 /* Images */ = {
			isa = PBXGroup;
			children = (
				B29F93BB19D1EBB8006ED68B /* dice-25.png */,
				B29F93BD19D1EBCE006ED68B /* dice-25@2x.png */,
				B223F16919D1B1C300959449 /* banner-bg.jpg */,
				B20035CA19C4DA5A0026A798 /* blink.gif */,
				B25E904F19AD128700A7223B /* up4-25.png */,
				B25E905019AD128700A7223B /* up4-25@2x.png */,
				B25E904B19AD121600A7223B /* down4-25.png */,
				B25E904D19AD126200A7223B /* down4-25@2x.png */,
				B29B3FC11990F2EF00A8B5EA /* var_2_1_PoweredByTMDB_Blk_Logo_Bree.png */,
				B22CE6EB199E526700CB6F98 /* logo.jpg */,
				B22CE6EC199E526700CB6F98 /* logoblue.jpg */,
				B22CE6ED199E526700CB6F98 /* logogreen.jpg */,
				B214F9061990038100231EEE /* profilepic.png */,
				B29A1B481987020B00979202 /* yayoSensei2.jpg */,
				B29674001985AD1300C92F17 /* minus-25.png */,
				B29674011985AD1300C92F17 /* minus-25@2x.png */,
				B29B0BEA19867F1B00E89E91 /* home-25.png */,
				B29B0BEB19867F1B00E89E91 /* home-25@2x.png */,
				B29673FC1985ACC900C92F17 /* plus-25.png */,
				B29673FD1985ACC900C92F17 /* plus-25@2x.png */,
				B29673EE1985A26A00C92F17 /* menu-25.png */,
				B29673EF1985A26A00C92F17 /* menu-25@2x.png */,
				B29673E41985A0EB00C92F17 /* back-25.png */,
				B29673E61985A10900C92F17 /* back-25@2x.png */,
				B2972935198304F7007B39E7 /* stack-32.png */,
				B29673F61985A80000C92F17 /* stack-32@2x.png */,
				B29729311982ED83007B39E7 /* info-32.png */,
				B29673F81985A88E00C92F17 /* info-32@2x.png */,
				B297292F1982ED49007B39E7 /* tv_show-32.png */,
				B29673F41985A7D600C92F17 /* tv_show-32@2x.png */,
				B2D29A4519499FD5005BECB4 /* default.jpg */,
				B29063F9196961C10000FD2E /* default.jpeg */,
			);
			name = Images;
			sourceTree = "<group>";
		};
		B29952E519A27A05009C5E39 /* NMRangeSlider */ = {
			isa = PBXGroup;
			children = (
				B299530619A292F2009C5E39 /* MetalTheme */,
				B299530519A292E5009C5E39 /* DefaultTheme7 */,
				B29952EF19A292A8009C5E39 /* DefaultTheme */,
				B29952E919A27A62009C5E39 /* NMRangeSlider.h */,
				B29952EA19A27A62009C5E39 /* NMRangeSlider.m */,
			);
			name = NMRangeSlider;
			sourceTree = "<group>";
		};
		B29952EF19A292A8009C5E39 /* DefaultTheme */ = {
			isa = PBXGroup;
			children = (
				B299532719A29342009C5E39 /* slider-default_trackBackground@2x.png */,
				B299532819A29342009C5E39 /* slider-default-handle-highlighted.png */,
				B299532919A29342009C5E39 /* slider-default-handle-highlighted@2x.png */,
				B299532A19A29342009C5E39 /* slider-default-handle.png */,
				B299532B19A29342009C5E39 /* slider-default-handle@2x.png */,
				B299532C19A29342009C5E39 /* slider-default-track.png */,
				B299532D19A29342009C5E39 /* slider-default-track@2x.png */,
				B299532E19A29342009C5E39 /* slider-default-trackBackground.png */,
				B299532F19A29342009C5E39 /* slider-default-trackCrossedOver.png */,
				B299533019A29342009C5E39 /* slider-default-trackCrossedOver@2x.png */,
			);
			name = DefaultTheme;
			sourceTree = "<group>";
		};
		B299530519A292E5009C5E39 /* DefaultTheme7 */ = {
			isa = PBXGroup;
			children = (
				B299531719A29335009C5E39 /* slider-default7-handle.png */,
				B299531819A29335009C5E39 /* slider-default7-handle@2x.png */,
				B299531919A29335009C5E39 /* slider-default7-track.png */,
				B299531A19A29335009C5E39 /* slider-default7-track@2x.png */,
				B299531B19A29335009C5E39 /* slider-default7-trackBackground.png */,
				B299531C19A29335009C5E39 /* slider-default7-trackBackground@2x.png */,
				B299531D19A29335009C5E39 /* slider-default7-trackCrossedOver.png */,
				B299531E19A29335009C5E39 /* slider-default7-trackCrossedOver@2x.png */,
			);
			name = DefaultTheme7;
			sourceTree = "<group>";
		};
		B299530619A292F2009C5E39 /* MetalTheme */ = {
			isa = PBXGroup;
			children = (
				B299530719A29326009C5E39 /* slider-metal-handle-highlighted.png */,
				B299530819A29326009C5E39 /* slider-metal-handle-highlighted@2x.png */,
				B299530919A29326009C5E39 /* slider-metal-handle.png */,
				B299530A19A29326009C5E39 /* slider-metal-handle@2x.png */,
				B299530B19A29326009C5E39 /* slider-metal-track.png */,
				B299530C19A29326009C5E39 /* slider-metal-track@2x.png */,
				B299530D19A29326009C5E39 /* slider-metal-trackBackground.png */,
				B299530E19A29326009C5E39 /* slider-metal-trackBackground@2x.png */,
			);
			name = MetalTheme;
			sourceTree = "<group>";
		};
		B299FBD01977215B00CB7382 /* ViewControllers */ = {
			isa = PBXGroup;
			children = (
				B29438BA1949C70F003F2E93 /* MovieViewController.swift */,
				B299FB3C1976AE3100CB7382 /* CastViewController.swift */,
				B29952DC19A24A26009C5E39 /* DiscoverGenreViewController.swift */,
				B29F93BF19D1EE89006ED68B /* InformationViewController.swift */,
				B29952DE19A261EB009C5E39 /* DiscoverYearViewController.swift */,
				B20035CF19C4DDB50026A798 /* StartScreenViewController.swift */,
				B29952E019A26532009C5E39 /* DiscoverListViewController.swift */,
				B296F9EC19857BFB00BA366D /* CastMoreMoviesViewController.swift */,
				B2972937198306D8007B39E7 /* TopListViewController.swift */,
				B29674061985B4DF00C92F17 /* RandomizedViewController.swift */,
				B29B0BE819867B0300E89E91 /* NavigationViewController.swift */,
				B299FBD419772A2800CB7382 /* MovieSelectionViewController.swift */,
				B29363B619497CF80062C728 /* SearchViewController.swift */,
			);
			name = ViewControllers;
			sourceTree = "<group>";
		};
		B299FBD11977221E00CB7382 /* Models */ = {
			isa = PBXGroup;
			children = (
				B299FB711976ED2F00CB7382 /* MovieSelection.swift */,
				B280009D19498A9200AC9712 /* Movie.swift */,
				B299FB361976921D00CB7382 /* Cast.swift */,
				B214A05E19AE323000A82A5B /* Lists.swift */,
			);
			name = Models;
			sourceTree = "<group>";
		};
/* End PBXGroup section */

/* Begin PBXNativeTarget section */
		B29363AE19497CF80062C728 /* MovieSensei */ = {
			isa = PBXNativeTarget;
			buildConfigurationList = B29363CB19497CF80062C728 /* Build configuration list for PBXNativeTarget "MovieSensei" */;
			buildPhases = (
				B29363AB19497CF80062C728 /* Sources */,
				B29363AC19497CF80062C728 /* Frameworks */,
				B29363AD19497CF80062C728 /* Resources */,
			);
			buildRules = (
			);
			dependencies = (
			);
			name = MovieSensei;
			productName = MovieLookUp;
			productReference = B29363AF19497CF80062C728 /* MovieSensei.app */;
			productType = "com.apple.product-type.application";
		};
		B29363C019497CF80062C728 /* MovieSenseiTests */ = {
			isa = PBXNativeTarget;
			buildConfigurationList = B29363CE19497CF80062C728 /* Build configuration list for PBXNativeTarget "MovieSenseiTests" */;
			buildPhases = (
				B29363BD19497CF80062C728 /* Sources */,
				B29363BE19497CF80062C728 /* Frameworks */,
				B29363BF19497CF80062C728 /* Resources */,
			);
			buildRules = (
			);
			dependencies = (
				B29363C319497CF80062C728 /* PBXTargetDependency */,
			);
			name = MovieSenseiTests;
			productName = MovieLookUpTests;
			productReference = B29363C119497CF80062C728 /* MovieSenseiTests.xctest */;
			productType = "com.apple.product-type.bundle.unit-test";
		};
/* End PBXNativeTarget section */

/* Begin PBXProject section */
		B29363A719497CF80062C728 /* Project object */ = {
			isa = PBXProject;
			attributes = {
				LastUpgradeCheck = 0600;
				ORGANIZATIONNAME = dna;
				TargetAttributes = {
					B29363AE19497CF80062C728 = {
						CreatedOnToolsVersion = 6.0;
						DevelopmentTeam = 7SX7NNMX7Q;
					};
					B29363C019497CF80062C728 = {
						CreatedOnToolsVersion = 6.0;
						TestTargetID = B29363AE19497CF80062C728;
					};
				};
			};
			buildConfigurationList = B29363AA19497CF80062C728 /* Build configuration list for PBXProject "MovieSensei" */;
			compatibilityVersion = "Xcode 3.2";
			developmentRegion = English;
			hasScannedForEncodings = 0;
			knownRegions = (
				en,
				Base,
			);
			mainGroup = B29363A619497CF80062C728;
			productRefGroup = B29363B019497CF80062C728 /* Products */;
			projectDirPath = "";
			projectRoot = "";
			targets = (
				B29363AE19497CF80062C728 /* MovieSensei */,
				B29363C019497CF80062C728 /* MovieSenseiTests */,
			);
		};
/* End PBXProject section */

/* Begin PBXResourcesBuildPhase section */
		B29363AD19497CF80062C728 /* Resources */ = {
			isa = PBXResourcesBuildPhase;
			buildActionMask = 2147483647;
			files = (
				B25E904E19AD126200A7223B /* down4-25@2x.png in Resources */,
				B299531019A29326009C5E39 /* slider-metal-handle-highlighted@2x.png in Resources */,
				B29673E71985A10900C92F17 /* back-25@2x.png in Resources */,
				B299531F19A29335009C5E39 /* slider-default7-handle.png in Resources */,
				B29673F01985A26A00C92F17 /* menu-25.png in Resources */,
				B223F16A19D1B1C300959449 /* banner-bg.jpg in Resources */,
				B2DC1C5819819E8F00515BB4 /* Assets in Resources */,
				B29674021985AD1300C92F17 /* minus-25.png in Resources */,
				B299530F19A29326009C5E39 /* slider-metal-handle-highlighted.png in Resources */,
				B22CE6F0199E526700CB6F98 /* logogreen.jpg in Resources */,
				B299532119A29336009C5E39 /* slider-default7-track.png in Resources */,
				B299532019A29335009C5E39 /* slider-default7-handle@2x.png in Resources */,
				B299532519A29336009C5E39 /* slider-default7-trackCrossedOver.png in Resources */,
				B29673F71985A80000C92F17 /* stack-32@2x.png in Resources */,
				B299533819A29342009C5E39 /* slider-default-trackBackground.png in Resources */,
				B25E904C19AD121600A7223B /* down4-25.png in Resources */,
				B29673FF1985ACC900C92F17 /* plus-25@2x.png in Resources */,
				B22CE6EE199E526700CB6F98 /* logo.jpg in Resources */,
				B29674031985AD1300C92F17 /* minus-25@2x.png in Resources */,
				B214F9071990038100231EEE /* profilepic.png in Resources */,
				B29B3FC21990F2EF00A8B5EA /* var_2_1_PoweredByTMDB_Blk_Logo_Bree.png in Resources */,
				B299531219A29326009C5E39 /* slider-metal-handle@2x.png in Resources */,
				B299531319A29326009C5E39 /* slider-metal-track.png in Resources */,
				B22CE6EF199E526700CB6F98 /* logoblue.jpg in Resources */,
				B29A1B491987020B00979202 /* yayoSensei2.jpg in Resources */,
				B29363BA19497CF80062C728 /* Main.storyboard in Resources */,
				B2972936198304F7007B39E7 /* stack-32.png in Resources */,
				B299533519A29342009C5E39 /* slider-default-handle@2x.png in Resources */,
				B29F93BE19D1EBCE006ED68B /* dice-25@2x.png in Resources */,
				B29673FE1985ACC900C92F17 /* plus-25.png in Resources */,
				B29673F91985A88E00C92F17 /* info-32@2x.png in Resources */,
				B29673E51985A0EB00C92F17 /* back-25.png in Resources */,
				B299533719A29342009C5E39 /* slider-default-track@2x.png in Resources */,
				B299533A19A29342009C5E39 /* slider-default-trackCrossedOver@2x.png in Resources */,
				B299533219A29342009C5E39 /* slider-default-handle-highlighted.png in Resources */,
				B299531419A29326009C5E39 /* slider-metal-track@2x.png in Resources */,
				B299533119A29342009C5E39 /* slider-default_trackBackground@2x.png in Resources */,
				B20035CB19C4DA5A0026A798 /* blink.gif in Resources */,
				B299533919A29342009C5E39 /* slider-default-trackCrossedOver.png in Resources */,
				B29673F11985A26A00C92F17 /* menu-25@2x.png in Resources */,
				B299531519A29326009C5E39 /* slider-metal-trackBackground.png in Resources */,
				B299532319A29336009C5E39 /* slider-default7-trackBackground.png in Resources */,
				B29729321982ED83007B39E7 /* info-32.png in Resources */,
				B29673F51985A7D600C92F17 /* tv_show-32@2x.png in Resources */,
				B299532219A29336009C5E39 /* slider-default7-track@2x.png in Resources */,
				B25E905119AD128700A7223B /* up4-25.png in Resources */,
				B299533319A29342009C5E39 /* slider-default-handle-highlighted@2x.png in Resources */,
				B299532619A29336009C5E39 /* slider-default7-trackCrossedOver@2x.png in Resources */,
				B25E905219AD128700A7223B /* up4-25@2x.png in Resources */,
				B299532419A29336009C5E39 /* slider-default7-trackBackground@2x.png in Resources */,
				B29729301982ED49007B39E7 /* tv_show-32.png in Resources */,
				B29063FA196961C10000FD2E /* default.jpeg in Resources */,
				B29363BC19497CF80062C728 /* Images.xcassets in Resources */,
				B299533419A29342009C5E39 /* slider-default-handle.png in Resources */,
				B29B0BED19867F1B00E89E91 /* home-25@2x.png in Resources */,
				B299533619A29342009C5E39 /* slider-default-track.png in Resources */,
				B29F93BC19D1EBB8006ED68B /* dice-25.png in Resources */,
				B2D29A4619499FD5005BECB4 /* default.jpg in Resources */,
				B299531119A29326009C5E39 /* slider-metal-handle.png in Resources */,
				B29B0BEC19867F1B00E89E91 /* home-25.png in Resources */,
				B299531619A29326009C5E39 /* slider-metal-trackBackground@2x.png in Resources */,
			);
			runOnlyForDeploymentPostprocessing = 0;
		};
		B29363BF19497CF80062C728 /* Resources */ = {
			isa = PBXResourcesBuildPhase;
			buildActionMask = 2147483647;
			files = (
			);
			runOnlyForDeploymentPostprocessing = 0;
		};
/* End PBXResourcesBuildPhase section */

/* Begin PBXSourcesBuildPhase section */
		B29363AB19497CF80062C728 /* Sources */ = {
			isa = PBXSourcesBuildPhase;
			buildActionMask = 2147483647;
			files = (
				B23CB6AB1992A971000A24D0 /* UIView+WebCacheOperation.m in Sources */,
				B29674071985B4DF00C92F17 /* RandomizedViewController.swift in Sources */,
				B29438BB1949C70F003F2E93 /* MovieViewController.swift in Sources */,
				B29952EE19A27A62009C5E39 /* NMRangeSlider.m in Sources */,
				B23CB6A91992A971000A24D0 /* UIImageView+HighlightedWebCache.m in Sources */,
				B214A05F19AE323000A82A5B /* Lists.swift in Sources */,
				B29952DF19A261EB009C5E39 /* DiscoverYearViewController.swift in Sources */,
				B2CCEB9A19C4F86300EE3845 /* MBProgressHUD.m in Sources */,
				B20035D019C4DDB50026A798 /* StartScreenViewController.swift in Sources */,
				B2972938198306D8007B39E7 /* TopListViewController.swift in Sources */,
				B299FB721976ED2F00CB7382 /* MovieSelection.swift in Sources */,
				B2DC1C5B19819E9A00515BB4 /* YTPlayerView.m in Sources */,
				B23CB6A31992A971000A24D0 /* SDWebImageManager.m in Sources */,
				B23CB6A01992A971000A24D0 /* SDWebImageDecoder.m in Sources */,
				B29952E119A26532009C5E39 /* DiscoverListViewController.swift in Sources */,
				B29952DD19A24A26009C5E39 /* DiscoverGenreViewController.swift in Sources */,
				B299FB3D1976AE3100CB7382 /* CastViewController.swift in Sources */,
				B29363B719497CF80062C728 /* SearchViewController.swift in Sources */,
				B23CB6A41992A971000A24D0 /* SDWebImagePrefetcher.m in Sources */,
				B23CB6AA1992A971000A24D0 /* UIImageView+WebCache.m in Sources */,
				B29B0BE919867B0300E89E91 /* NavigationViewController.swift in Sources */,
				B296F9ED19857BFB00BA366D /* CastMoreMoviesViewController.swift in Sources */,
				B299FB6E1976E68200CB7382 /* MovieSelection.xcdatamodeld in Sources */,
				B23CB6A61992A971000A24D0 /* UIImage+GIF.m in Sources */,
				B29F93C019D1EE89006ED68B /* InformationViewController.swift in Sources */,
				B23CB6A81992A971000A24D0 /* UIImage+WebP.m in Sources */,
				B23CB69D1992A971000A24D0 /* NSData+ImageContentType.m in Sources */,
				B23CB69F1992A971000A24D0 /* SDWebImageCompat.m in Sources */,
				B299FB391976970F00CB7382 /* Enum.swift in Sources */,
				B299FB371976921D00CB7382 /* Cast.swift in Sources */,
				B23CB69E1992A971000A24D0 /* SDImageCache.m in Sources */,
				B23CB6A11992A971000A24D0 /* SDWebImageDownloader.m in Sources */,
				B29363B519497CF80062C728 /* AppDelegate.swift in Sources */,
				B20035D319C4E1DE0026A798 /* UIImage+animatedGIF.m in Sources */,
				B23CB6A71992A971000A24D0 /* UIImage+MultiFormat.m in Sources */,
				B23CB6A51992A971000A24D0 /* UIButton+WebCache.m in Sources */,
				B299FBD519772A2800CB7382 /* MovieSelectionViewController.swift in Sources */,
				B23CB69C1992A971000A24D0 /* MKAnnotationView+WebCache.m in Sources */,
				B23CB6A21992A971000A24D0 /* SDWebImageDownloaderOperation.m in Sources */,
				B280009E19498A9200AC9712 /* Movie.swift in Sources */,
				B280009A1949857200AC9712 /* APIController.swift in Sources */,
			);
			runOnlyForDeploymentPostprocessing = 0;
		};
		B29363BD19497CF80062C728 /* Sources */ = {
			isa = PBXSourcesBuildPhase;
			buildActionMask = 2147483647;
			files = (
				B29363C819497CF80062C728 /* MovieLookUpTests.swift in Sources */,
			);
			runOnlyForDeploymentPostprocessing = 0;
		};
/* End PBXSourcesBuildPhase section */

/* Begin PBXTargetDependency section */
		B29363C319497CF80062C728 /* PBXTargetDependency */ = {
			isa = PBXTargetDependency;
			target = B29363AE19497CF80062C728 /* MovieSensei */;
			targetProxy = B29363C219497CF80062C728 /* PBXContainerItemProxy */;
		};
/* End PBXTargetDependency section */

/* Begin PBXVariantGroup section */
		B29363B819497CF80062C728 /* Main.storyboard */ = {
			isa = PBXVariantGroup;
			children = (
				B29363B919497CF80062C728 /* Base */,
			);
			name = Main.storyboard;
			sourceTree = "<group>";
		};
/* End PBXVariantGroup section */

/* Begin XCBuildConfiguration section */
		B29363C919497CF80062C728 /* Debug */ = {
			isa = XCBuildConfiguration;
			buildSettings = {
				ALWAYS_SEARCH_USER_PATHS = NO;
				CLANG_CXX_LANGUAGE_STANDARD = "gnu++0x";
				CLANG_CXX_LIBRARY = "libc++";
				CLANG_ENABLE_MODULES = YES;
				CLANG_ENABLE_OBJC_ARC = YES;
				CLANG_WARN_BOOL_CONVERSION = YES;
				CLANG_WARN_CONSTANT_CONVERSION = YES;
				CLANG_WARN_DIRECT_OBJC_ISA_USAGE = YES_ERROR;
				CLANG_WARN_EMPTY_BODY = YES;
				CLANG_WARN_ENUM_CONVERSION = YES;
				CLANG_WARN_INT_CONVERSION = YES;
				CLANG_WARN_OBJC_ROOT_CLASS = YES_ERROR;
				CLANG_WARN_UNREACHABLE_CODE = YES;
				CLANG_WARN__DUPLICATE_METHOD_MATCH = YES;
				"CODE_SIGN_IDENTITY[sdk=iphoneos*]" = "iPhone Developer";
				COPY_PHASE_STRIP = NO;
				ENABLE_STRICT_OBJC_MSGSEND = YES;
				GCC_C_LANGUAGE_STANDARD = gnu99;
				GCC_DYNAMIC_NO_PIC = NO;
				GCC_OPTIMIZATION_LEVEL = 0;
				GCC_PREPROCESSOR_DEFINITIONS = (
					"DEBUG=1",
					"$(inherited)",
				);
				GCC_SYMBOLS_PRIVATE_EXTERN = NO;
				GCC_WARN_64_TO_32_BIT_CONVERSION = YES;
				GCC_WARN_ABOUT_RETURN_TYPE = YES_ERROR;
				GCC_WARN_UNDECLARED_SELECTOR = YES;
				GCC_WARN_UNINITIALIZED_AUTOS = YES_AGGRESSIVE;
				GCC_WARN_UNUSED_FUNCTION = YES;
				GCC_WARN_UNUSED_VARIABLE = YES;
				IPHONEOS_DEPLOYMENT_TARGET = 8.0;
				METAL_ENABLE_DEBUG_INFO = YES;
				ONLY_ACTIVE_ARCH = YES;
				SDKROOT = iphoneos;
				SWIFT_OPTIMIZATION_LEVEL = "-Onone";
				TARGETED_DEVICE_FAMILY = "1,2";
			};
			name = Debug;
		};
		B29363CA19497CF80062C728 /* Release */ = {
			isa = XCBuildConfiguration;
			buildSettings = {
				ALWAYS_SEARCH_USER_PATHS = NO;
				CLANG_CXX_LANGUAGE_STANDARD = "gnu++0x";
				CLANG_CXX_LIBRARY = "libc++";
				CLANG_ENABLE_MODULES = YES;
				CLANG_ENABLE_OBJC_ARC = YES;
				CLANG_WARN_BOOL_CONVERSION = YES;
				CLANG_WARN_CONSTANT_CONVERSION = YES;
				CLANG_WARN_DIRECT_OBJC_ISA_USAGE = YES_ERROR;
				CLANG_WARN_EMPTY_BODY = YES;
				CLANG_WARN_ENUM_CONVERSION = YES;
				CLANG_WARN_INT_CONVERSION = YES;
				CLANG_WARN_OBJC_ROOT_CLASS = YES_ERROR;
				CLANG_WARN_UNREACHABLE_CODE = YES;
				CLANG_WARN__DUPLICATE_METHOD_MATCH = YES;
				"CODE_SIGN_IDENTITY[sdk=iphoneos*]" = "iPhone Developer";
				COPY_PHASE_STRIP = YES;
				ENABLE_NS_ASSERTIONS = NO;
				ENABLE_STRICT_OBJC_MSGSEND = YES;
				GCC_C_LANGUAGE_STANDARD = gnu99;
				GCC_WARN_64_TO_32_BIT_CONVERSION = YES;
				GCC_WARN_ABOUT_RETURN_TYPE = YES_ERROR;
				GCC_WARN_UNDECLARED_SELECTOR = YES;
				GCC_WARN_UNINITIALIZED_AUTOS = YES_AGGRESSIVE;
				GCC_WARN_UNUSED_FUNCTION = YES;
				GCC_WARN_UNUSED_VARIABLE = YES;
				IPHONEOS_DEPLOYMENT_TARGET = 8.0;
				METAL_ENABLE_DEBUG_INFO = NO;
				SDKROOT = iphoneos;
				TARGETED_DEVICE_FAMILY = "1,2";
				VALIDATE_PRODUCT = YES;
			};
			name = Release;
		};
		B29363CC19497CF80062C728 /* Debug */ = {
			isa = XCBuildConfiguration;
			buildSettings = {
				ASSETCATALOG_COMPILER_APPICON_NAME = AppIcon;
				ASSETCATALOG_COMPILER_LAUNCHIMAGE_NAME = LaunchImage;
				CODE_SIGN_IDENTITY = "iPhone Developer";
				INFOPLIST_FILE = MovieLookUp/Info.plist;
				IPHONEOS_DEPLOYMENT_TARGET = 7.0;
				LD_RUNPATH_SEARCH_PATHS = "$(inherited) @executable_path/Frameworks";
				OTHER_LDFLAGS = "-ObjC";
				PRODUCT_NAME = MovieSensei;
				SWIFT_OBJC_BRIDGING_HEADER = "MovieLookUp/MovieLookUp-Bridging-Header.h";
				TARGETED_DEVICE_FAMILY = 1;
			};
			name = Debug;
		};
		B29363CD19497CF80062C728 /* Release */ = {
			isa = XCBuildConfiguration;
			buildSettings = {
				ASSETCATALOG_COMPILER_APPICON_NAME = AppIcon;
				ASSETCATALOG_COMPILER_LAUNCHIMAGE_NAME = LaunchImage;
				CODE_SIGN_IDENTITY = "iPhone Developer";
				INFOPLIST_FILE = MovieLookUp/Info.plist;
				IPHONEOS_DEPLOYMENT_TARGET = 7.0;
				LD_RUNPATH_SEARCH_PATHS = "$(inherited) @executable_path/Frameworks";
				OTHER_LDFLAGS = "-ObjC";
				PRODUCT_NAME = MovieSensei;
				SWIFT_OBJC_BRIDGING_HEADER = "MovieLookUp/MovieLookUp-Bridging-Header.h";
				TARGETED_DEVICE_FAMILY = 1;
			};
			name = Release;
		};
		B29363CF19497CF80062C728 /* Debug */ = {
			isa = XCBuildConfiguration;
			buildSettings = {
				BUNDLE_LOADER = "$(BUILT_PRODUCTS_DIR)/MovieLookUp.app/MovieLookUp";
				FRAMEWORK_SEARCH_PATHS = (
					"$(SDKROOT)/Developer/Library/Frameworks",
					"$(inherited)",
				);
				GCC_PREPROCESSOR_DEFINITIONS = (
					"DEBUG=1",
					"$(inherited)",
				);
				INFOPLIST_FILE = MovieLookUpTests/Info.plist;
				LD_RUNPATH_SEARCH_PATHS = "$(inherited) @executable_path/Frameworks @loader_path/Frameworks";
				METAL_ENABLE_DEBUG_INFO = YES;
				PRODUCT_NAME = MovieSenseiTests;
				TEST_HOST = "$(BUNDLE_LOADER)";
			};
			name = Debug;
		};
		B29363D019497CF80062C728 /* Release */ = {
			isa = XCBuildConfiguration;
			buildSettings = {
				BUNDLE_LOADER = "$(BUILT_PRODUCTS_DIR)/MovieLookUp.app/MovieLookUp";
				FRAMEWORK_SEARCH_PATHS = (
					"$(SDKROOT)/Developer/Library/Frameworks",
					"$(inherited)",
				);
				INFOPLIST_FILE = MovieLookUpTests/Info.plist;
				LD_RUNPATH_SEARCH_PATHS = "$(inherited) @executable_path/Frameworks @loader_path/Frameworks";
				METAL_ENABLE_DEBUG_INFO = NO;
				PRODUCT_NAME = MovieSenseiTests;
				TEST_HOST = "$(BUNDLE_LOADER)";
			};
			name = Release;
		};
/* End XCBuildConfiguration section */

/* Begin XCConfigurationList section */
		B29363AA19497CF80062C728 /* Build configuration list for PBXProject "MovieSensei" */ = {
			isa = XCConfigurationList;
			buildConfigurations = (
				B29363C919497CF80062C728 /* Debug */,
				B29363CA19497CF80062C728 /* Release */,
			);
			defaultConfigurationIsVisible = 0;
			defaultConfigurationName = Release;
		};
		B29363CB19497CF80062C728 /* Build configuration list for PBXNativeTarget "MovieSensei" */ = {
			isa = XCConfigurationList;
			buildConfigurations = (
				B29363CC19497CF80062C728 /* Debug */,
				B29363CD19497CF80062C728 /* Release */,
			);
			defaultConfigurationIsVisible = 0;
			defaultConfigurationName = Release;
		};
		B29363CE19497CF80062C728 /* Build configuration list for PBXNativeTarget "MovieSenseiTests" */ = {
			isa = XCConfigurationList;
			buildConfigurations = (
				B29363CF19497CF80062C728 /* Debug */,
				B29363D019497CF80062C728 /* Release */,
			);
			defaultConfigurationIsVisible = 0;
			defaultConfigurationName = Release;
		};
/* End XCConfigurationList section */

/* Begin XCVersionGroup section */
		B299FB6C1976E68200CB7382 /* MovieSelection.xcdatamodeld */ = {
			isa = XCVersionGroup;
			children = (
				B299FB6D1976E68200CB7382 /* MovieSelection.xcdatamodel */,
			);
			currentVersion = B299FB6D1976E68200CB7382 /* MovieSelection.xcdatamodel */;
			path = MovieSelection.xcdatamodeld;
			sourceTree = "<group>";
			versionGroupType = wrapper.xcdatamodel;
		};
/* End XCVersionGroup section */
	};
	rootObject = B29363A719497CF80062C728 /* Project object */;
}
