// !$*UTF8*$!
{
	archiveVersion = 1;
	classes = {
	};
	objectVersion = 46;
	objects = {

/* Begin PBXBuildFile section */
		B280009A1949857200AC9712 /* APIController.swift in Sources */ = {isa = PBXBuildFile; fileRef = B28000991949857200AC9712 /* APIController.swift */; };
		B280009E19498A9200AC9712 /* Movie.swift in Sources */ = {isa = PBXBuildFile; fileRef = B280009D19498A9200AC9712 /* Movie.swift */; };
		B29063FA196961C10000FD2E /* default.jpeg in Resources */ = {isa = PBXBuildFile; fileRef = B29063F9196961C10000FD2E /* default.jpeg */; };
		B29363B519497CF80062C728 /* AppDelegate.swift in Sources */ = {isa = PBXBuildFile; fileRef = B29363B419497CF80062C728 /* AppDelegate.swift */; };
		B29363B719497CF80062C728 /* SearchViewController.swift in Sources */ = {isa = PBXBuildFile; fileRef = B29363B619497CF80062C728 /* SearchViewController.swift */; };
		B29363BA19497CF80062C728 /* Main.storyboard in Resources */ = {isa = PBXBuildFile; fileRef = B29363B819497CF80062C728 /* Main.storyboard */; };
		B29363BC19497CF80062C728 /* Images.xcassets in Resources */ = {isa = PBXBuildFile; fileRef = B29363BB19497CF80062C728 /* Images.xcassets */; };
		B29363C819497CF80062C728 /* MovieLookUpTests.swift in Sources */ = {isa = PBXBuildFile; fileRef = B29363C719497CF80062C728 /* MovieLookUpTests.swift */; };
		B29438BB1949C70F003F2E93 /* MovieViewController.swift in Sources */ = {isa = PBXBuildFile; fileRef = B29438BA1949C70F003F2E93 /* MovieViewController.swift */; };
		B299FB371976921D00CB7382 /* Cast.swift in Sources */ = {isa = PBXBuildFile; fileRef = B299FB361976921D00CB7382 /* Cast.swift */; };
		B299FB391976970F00CB7382 /* Enum.swift in Sources */ = {isa = PBXBuildFile; fileRef = B299FB381976970F00CB7382 /* Enum.swift */; };
		B299FB3D1976AE3100CB7382 /* CastViewController.swift in Sources */ = {isa = PBXBuildFile; fileRef = B299FB3C1976AE3100CB7382 /* CastViewController.swift */; };
		B299FB6E1976E68200CB7382 /* MovieSelection.xcdatamodeld in Sources */ = {isa = PBXBuildFile; fileRef = B299FB6C1976E68200CB7382 /* MovieSelection.xcdatamodeld */; };
		B299FB721976ED2F00CB7382 /* MovieSelection.swift in Sources */ = {isa = PBXBuildFile; fileRef = B299FB711976ED2F00CB7382 /* MovieSelection.swift */; };
		B299FBD519772A2800CB7382 /* MovieSelectionViewController.swift in Sources */ = {isa = PBXBuildFile; fileRef = B299FBD419772A2800CB7382 /* MovieSelectionViewController.swift */; };
		B2AEB9E51975AC1700F931D8 /* ImageIO.framework in Frameworks */ = {isa = PBXBuildFile; fileRef = B2AEB9E41975AC1700F931D8 /* ImageIO.framework */; };
		B2AEBAA41975B4F800F931D8 /* MKAnnotationView+WebCache.m in Sources */ = {isa = PBXBuildFile; fileRef = B2AEBA841975B4F800F931D8 /* MKAnnotationView+WebCache.m */; };
		B2AEBAA51975B4F800F931D8 /* NSData+ImageContentType.m in Sources */ = {isa = PBXBuildFile; fileRef = B2AEBA861975B4F800F931D8 /* NSData+ImageContentType.m */; };
		B2AEBAA61975B4F800F931D8 /* SDImageCache.m in Sources */ = {isa = PBXBuildFile; fileRef = B2AEBA881975B4F800F931D8 /* SDImageCache.m */; };
		B2AEBAA71975B4F800F931D8 /* SDWebImageCompat.m in Sources */ = {isa = PBXBuildFile; fileRef = B2AEBA8A1975B4F800F931D8 /* SDWebImageCompat.m */; };
		B2AEBAA81975B4F800F931D8 /* SDWebImageDecoder.m in Sources */ = {isa = PBXBuildFile; fileRef = B2AEBA8C1975B4F800F931D8 /* SDWebImageDecoder.m */; };
		B2AEBAA91975B4F800F931D8 /* SDWebImageDownloader.m in Sources */ = {isa = PBXBuildFile; fileRef = B2AEBA8E1975B4F800F931D8 /* SDWebImageDownloader.m */; };
		B2AEBAAA1975B4F800F931D8 /* SDWebImageDownloaderOperation.m in Sources */ = {isa = PBXBuildFile; fileRef = B2AEBA901975B4F800F931D8 /* SDWebImageDownloaderOperation.m */; };
		B2AEBAAB1975B4F800F931D8 /* SDWebImageManager.m in Sources */ = {isa = PBXBuildFile; fileRef = B2AEBA921975B4F800F931D8 /* SDWebImageManager.m */; };
		B2AEBAAC1975B4F800F931D8 /* SDWebImagePrefetcher.m in Sources */ = {isa = PBXBuildFile; fileRef = B2AEBA951975B4F800F931D8 /* SDWebImagePrefetcher.m */; };
		B2AEBAAD1975B4F800F931D8 /* UIButton+WebCache.m in Sources */ = {isa = PBXBuildFile; fileRef = B2AEBA971975B4F800F931D8 /* UIButton+WebCache.m */; };
		B2AEBAAE1975B4F800F931D8 /* UIImage+GIF.m in Sources */ = {isa = PBXBuildFile; fileRef = B2AEBA991975B4F800F931D8 /* UIImage+GIF.m */; };
		B2AEBAAF1975B4F800F931D8 /* UIImage+MultiFormat.m in Sources */ = {isa = PBXBuildFile; fileRef = B2AEBA9B1975B4F800F931D8 /* UIImage+MultiFormat.m */; };
		B2AEBAB01975B4F800F931D8 /* UIImage+WebP.m in Sources */ = {isa = PBXBuildFile; fileRef = B2AEBA9D1975B4F800F931D8 /* UIImage+WebP.m */; };
		B2AEBAB11975B4F800F931D8 /* UIImageView+HighlightedWebCache.m in Sources */ = {isa = PBXBuildFile; fileRef = B2AEBA9F1975B4F800F931D8 /* UIImageView+HighlightedWebCache.m */; };
		B2AEBAB21975B4F800F931D8 /* UIImageView+WebCache.m in Sources */ = {isa = PBXBuildFile; fileRef = B2AEBAA11975B4F800F931D8 /* UIImageView+WebCache.m */; };
		B2AEBAB31975B4F800F931D8 /* UIView+WebCacheOperation.m in Sources */ = {isa = PBXBuildFile; fileRef = B2AEBAA31975B4F800F931D8 /* UIView+WebCacheOperation.m */; };
		B2D29A4619499FD5005BECB4 /* default.jpg in Resources */ = {isa = PBXBuildFile; fileRef = B2D29A4519499FD5005BECB4 /* default.jpg */; };
/* End PBXBuildFile section */

/* Begin PBXContainerItemProxy section */
		B29363C219497CF80062C728 /* PBXContainerItemProxy */ = {
			isa = PBXContainerItemProxy;
			containerPortal = B29363A719497CF80062C728 /* Project object */;
			proxyType = 1;
			remoteGlobalIDString = B29363AE19497CF80062C728;
			remoteInfo = MovieLookUp;
		};
/* End PBXContainerItemProxy section */

/* Begin PBXFileReference section */
		B28000991949857200AC9712 /* APIController.swift */ = {isa = PBXFileReference; fileEncoding = 4; lastKnownFileType = sourcecode.swift; path = APIController.swift; sourceTree = "<group>"; };
		B280009D19498A9200AC9712 /* Movie.swift */ = {isa = PBXFileReference; fileEncoding = 4; lastKnownFileType = sourcecode.swift; path = Movie.swift; sourceTree = "<group>"; };
		B29063F9196961C10000FD2E /* default.jpeg */ = {isa = PBXFileReference; lastKnownFileType = image.jpeg; path = default.jpeg; sourceTree = "<group>"; };
		B29363AF19497CF80062C728 /* MovieLookUp.app */ = {isa = PBXFileReference; explicitFileType = wrapper.application; includeInIndex = 0; path = MovieLookUp.app; sourceTree = BUILT_PRODUCTS_DIR; };
		B29363B319497CF80062C728 /* Info.plist */ = {isa = PBXFileReference; lastKnownFileType = text.plist.xml; path = Info.plist; sourceTree = "<group>"; };
		B29363B419497CF80062C728 /* AppDelegate.swift */ = {isa = PBXFileReference; lastKnownFileType = sourcecode.swift; path = AppDelegate.swift; sourceTree = "<group>"; };
		B29363B619497CF80062C728 /* SearchViewController.swift */ = {isa = PBXFileReference; lastKnownFileType = sourcecode.swift; path = SearchViewController.swift; sourceTree = "<group>"; };
		B29363B919497CF80062C728 /* Base */ = {isa = PBXFileReference; lastKnownFileType = file.storyboard; name = Base; path = Base.lproj/Main.storyboard; sourceTree = "<group>"; };
		B29363BB19497CF80062C728 /* Images.xcassets */ = {isa = PBXFileReference; lastKnownFileType = folder.assetcatalog; path = Images.xcassets; sourceTree = "<group>"; };
		B29363C119497CF80062C728 /* MovieLookUpTests.xctest */ = {isa = PBXFileReference; explicitFileType = wrapper.cfbundle; includeInIndex = 0; path = MovieLookUpTests.xctest; sourceTree = BUILT_PRODUCTS_DIR; };
		B29363C619497CF80062C728 /* Info.plist */ = {isa = PBXFileReference; lastKnownFileType = text.plist.xml; path = Info.plist; sourceTree = "<group>"; };
		B29363C719497CF80062C728 /* MovieLookUpTests.swift */ = {isa = PBXFileReference; lastKnownFileType = sourcecode.swift; path = MovieLookUpTests.swift; sourceTree = "<group>"; };
		B29438BA1949C70F003F2E93 /* MovieViewController.swift */ = {isa = PBXFileReference; fileEncoding = 4; lastKnownFileType = sourcecode.swift; path = MovieViewController.swift; sourceTree = "<group>"; };
		B299FB361976921D00CB7382 /* Cast.swift */ = {isa = PBXFileReference; fileEncoding = 4; lastKnownFileType = sourcecode.swift; path = Cast.swift; sourceTree = "<group>"; };
		B299FB381976970F00CB7382 /* Enum.swift */ = {isa = PBXFileReference; fileEncoding = 4; lastKnownFileType = sourcecode.swift; path = Enum.swift; sourceTree = "<group>"; };
		B299FB3C1976AE3100CB7382 /* CastViewController.swift */ = {isa = PBXFileReference; fileEncoding = 4; lastKnownFileType = sourcecode.swift; path = CastViewController.swift; sourceTree = "<group>"; };
		B299FB6D1976E68200CB7382 /* MovieSelection.xcdatamodel */ = {isa = PBXFileReference; lastKnownFileType = wrapper.xcdatamodel; path = MovieSelection.xcdatamodel; sourceTree = "<group>"; };
		B299FB711976ED2F00CB7382 /* MovieSelection.swift */ = {isa = PBXFileReference; fileEncoding = 4; lastKnownFileType = sourcecode.swift; path = MovieSelection.swift; sourceTree = "<group>"; };
		B299FBD419772A2800CB7382 /* MovieSelectionViewController.swift */ = {isa = PBXFileReference; fileEncoding = 4; lastKnownFileType = sourcecode.swift; path = MovieSelectionViewController.swift; sourceTree = "<group>"; };
		B2AEB9E41975AC1700F931D8 /* ImageIO.framework */ = {isa = PBXFileReference; lastKnownFileType = wrapper.framework; name = ImageIO.framework; path = System/Library/Frameworks/ImageIO.framework; sourceTree = SDKROOT; };
		B2AEBA4F1975B0C000F931D8 /* MovieLookUp-Bridging-Header.h */ = {isa = PBXFileReference; lastKnownFileType = sourcecode.c.h; path = "MovieLookUp-Bridging-Header.h"; sourceTree = "<group>"; };
		B2AEBA831975B4F800F931D8 /* MKAnnotationView+WebCache.h */ = {isa = PBXFileReference; fileEncoding = 4; lastKnownFileType = sourcecode.c.h; path = "MKAnnotationView+WebCache.h"; sourceTree = "<group>"; };
		B2AEBA841975B4F800F931D8 /* MKAnnotationView+WebCache.m */ = {isa = PBXFileReference; fileEncoding = 4; lastKnownFileType = sourcecode.c.objc; path = "MKAnnotationView+WebCache.m"; sourceTree = "<group>"; };
		B2AEBA851975B4F800F931D8 /* NSData+ImageContentType.h */ = {isa = PBXFileReference; fileEncoding = 4; lastKnownFileType = sourcecode.c.h; path = "NSData+ImageContentType.h"; sourceTree = "<group>"; };
		B2AEBA861975B4F800F931D8 /* NSData+ImageContentType.m */ = {isa = PBXFileReference; fileEncoding = 4; lastKnownFileType = sourcecode.c.objc; path = "NSData+ImageContentType.m"; sourceTree = "<group>"; };
		B2AEBA871975B4F800F931D8 /* SDImageCache.h */ = {isa = PBXFileReference; fileEncoding = 4; lastKnownFileType = sourcecode.c.h; path = SDImageCache.h; sourceTree = "<group>"; };
		B2AEBA881975B4F800F931D8 /* SDImageCache.m */ = {isa = PBXFileReference; fileEncoding = 4; lastKnownFileType = sourcecode.c.objc; path = SDImageCache.m; sourceTree = "<group>"; };
		B2AEBA891975B4F800F931D8 /* SDWebImageCompat.h */ = {isa = PBXFileReference; fileEncoding = 4; lastKnownFileType = sourcecode.c.h; path = SDWebImageCompat.h; sourceTree = "<group>"; };
		B2AEBA8A1975B4F800F931D8 /* SDWebImageCompat.m */ = {isa = PBXFileReference; fileEncoding = 4; lastKnownFileType = sourcecode.c.objc; path = SDWebImageCompat.m; sourceTree = "<group>"; };
		B2AEBA8B1975B4F800F931D8 /* SDWebImageDecoder.h */ = {isa = PBXFileReference; fileEncoding = 4; lastKnownFileType = sourcecode.c.h; path = SDWebImageDecoder.h; sourceTree = "<group>"; };
		B2AEBA8C1975B4F800F931D8 /* SDWebImageDecoder.m */ = {isa = PBXFileReference; fileEncoding = 4; lastKnownFileType = sourcecode.c.objc; path = SDWebImageDecoder.m; sourceTree = "<group>"; };
		B2AEBA8D1975B4F800F931D8 /* SDWebImageDownloader.h */ = {isa = PBXFileReference; fileEncoding = 4; lastKnownFileType = sourcecode.c.h; path = SDWebImageDownloader.h; sourceTree = "<group>"; };
		B2AEBA8E1975B4F800F931D8 /* SDWebImageDownloader.m */ = {isa = PBXFileReference; fileEncoding = 4; lastKnownFileType = sourcecode.c.objc; path = SDWebImageDownloader.m; sourceTree = "<group>"; };
		B2AEBA8F1975B4F800F931D8 /* SDWebImageDownloaderOperation.h */ = {isa = PBXFileReference; fileEncoding = 4; lastKnownFileType = sourcecode.c.h; path = SDWebImageDownloaderOperation.h; sourceTree = "<group>"; };
		B2AEBA901975B4F800F931D8 /* SDWebImageDownloaderOperation.m */ = {isa = PBXFileReference; fileEncoding = 4; lastKnownFileType = sourcecode.c.objc; path = SDWebImageDownloaderOperation.m; sourceTree = "<group>"; };
		B2AEBA911975B4F800F931D8 /* SDWebImageManager.h */ = {isa = PBXFileReference; fileEncoding = 4; lastKnownFileType = sourcecode.c.h; path = SDWebImageManager.h; sourceTree = "<group>"; };
		B2AEBA921975B4F800F931D8 /* SDWebImageManager.m */ = {isa = PBXFileReference; fileEncoding = 4; lastKnownFileType = sourcecode.c.objc; path = SDWebImageManager.m; sourceTree = "<group>"; };
		B2AEBA931975B4F800F931D8 /* SDWebImageOperation.h */ = {isa = PBXFileReference; fileEncoding = 4; lastKnownFileType = sourcecode.c.h; path = SDWebImageOperation.h; sourceTree = "<group>"; };
		B2AEBA941975B4F800F931D8 /* SDWebImagePrefetcher.h */ = {isa = PBXFileReference; fileEncoding = 4; lastKnownFileType = sourcecode.c.h; path = SDWebImagePrefetcher.h; sourceTree = "<group>"; };
		B2AEBA951975B4F800F931D8 /* SDWebImagePrefetcher.m */ = {isa = PBXFileReference; fileEncoding = 4; lastKnownFileType = sourcecode.c.objc; path = SDWebImagePrefetcher.m; sourceTree = "<group>"; };
		B2AEBA961975B4F800F931D8 /* UIButton+WebCache.h */ = {isa = PBXFileReference; fileEncoding = 4; lastKnownFileType = sourcecode.c.h; path = "UIButton+WebCache.h"; sourceTree = "<group>"; };
		B2AEBA971975B4F800F931D8 /* UIButton+WebCache.m */ = {isa = PBXFileReference; fileEncoding = 4; lastKnownFileType = sourcecode.c.objc; path = "UIButton+WebCache.m"; sourceTree = "<group>"; };
		B2AEBA981975B4F800F931D8 /* UIImage+GIF.h */ = {isa = PBXFileReference; fileEncoding = 4; lastKnownFileType = sourcecode.c.h; path = "UIImage+GIF.h"; sourceTree = "<group>"; };
		B2AEBA991975B4F800F931D8 /* UIImage+GIF.m */ = {isa = PBXFileReference; fileEncoding = 4; lastKnownFileType = sourcecode.c.objc; path = "UIImage+GIF.m"; sourceTree = "<group>"; };
		B2AEBA9A1975B4F800F931D8 /* UIImage+MultiFormat.h */ = {isa = PBXFileReference; fileEncoding = 4; lastKnownFileType = sourcecode.c.h; path = "UIImage+MultiFormat.h"; sourceTree = "<group>"; };
		B2AEBA9B1975B4F800F931D8 /* UIImage+MultiFormat.m */ = {isa = PBXFileReference; fileEncoding = 4; lastKnownFileType = sourcecode.c.objc; path = "UIImage+MultiFormat.m"; sourceTree = "<group>"; };
		B2AEBA9C1975B4F800F931D8 /* UIImage+WebP.h */ = {isa = PBXFileReference; fileEncoding = 4; lastKnownFileType = sourcecode.c.h; path = "UIImage+WebP.h"; sourceTree = "<group>"; };
		B2AEBA9D1975B4F800F931D8 /* UIImage+WebP.m */ = {isa = PBXFileReference; fileEncoding = 4; lastKnownFileType = sourcecode.c.objc; path = "UIImage+WebP.m"; sourceTree = "<group>"; };
		B2AEBA9E1975B4F800F931D8 /* UIImageView+HighlightedWebCache.h */ = {isa = PBXFileReference; fileEncoding = 4; lastKnownFileType = sourcecode.c.h; path = "UIImageView+HighlightedWebCache.h"; sourceTree = "<group>"; };
		B2AEBA9F1975B4F800F931D8 /* UIImageView+HighlightedWebCache.m */ = {isa = PBXFileReference; fileEncoding = 4; lastKnownFileType = sourcecode.c.objc; path = "UIImageView+HighlightedWebCache.m"; sourceTree = "<group>"; };
		B2AEBAA01975B4F800F931D8 /* UIImageView+WebCache.h */ = {isa = PBXFileReference; fileEncoding = 4; lastKnownFileType = sourcecode.c.h; path = "UIImageView+WebCache.h"; sourceTree = "<group>"; };
		B2AEBAA11975B4F800F931D8 /* UIImageView+WebCache.m */ = {isa = PBXFileReference; fileEncoding = 4; lastKnownFileType = sourcecode.c.objc; path = "UIImageView+WebCache.m"; sourceTree = "<group>"; };
		B2AEBAA21975B4F800F931D8 /* UIView+WebCacheOperation.h */ = {isa = PBXFileReference; fileEncoding = 4; lastKnownFileType = sourcecode.c.h; path = "UIView+WebCacheOperation.h"; sourceTree = "<group>"; };
		B2AEBAA31975B4F800F931D8 /* UIView+WebCacheOperation.m */ = {isa = PBXFileReference; fileEncoding = 4; lastKnownFileType = sourcecode.c.objc; path = "UIView+WebCacheOperation.m"; sourceTree = "<group>"; };
		B2D29A4519499FD5005BECB4 /* default.jpg */ = {isa = PBXFileReference; lastKnownFileType = image.jpeg; path = default.jpg; sourceTree = "<group>"; };
/* End PBXFileReference section */

/* Begin PBXFrameworksBuildPhase section */
		B29363AC19497CF80062C728 /* Frameworks */ = {
			isa = PBXFrameworksBuildPhase;
			buildActionMask = 2147483647;
			files = (
				B2AEB9E51975AC1700F931D8 /* ImageIO.framework in Frameworks */,
			);
			runOnlyForDeploymentPostprocessing = 0;
		};
		B29363BE19497CF80062C728 /* Frameworks */ = {
			isa = PBXFrameworksBuildPhase;
			buildActionMask = 2147483647;
			files = (
			);
			runOnlyForDeploymentPostprocessing = 0;
		};
/* End PBXFrameworksBuildPhase section */

/* Begin PBXGroup section */
		B29363A619497CF80062C728 = {
			isa = PBXGroup;
			children = (
				B2AEBA821975B4F800F931D8 /* SDWebImage */,
				B2AEB9E41975AC1700F931D8 /* ImageIO.framework */,
				B29363B119497CF80062C728 /* MovieLookUp */,
				B29363C419497CF80062C728 /* MovieLookUpTests */,
				B29363B019497CF80062C728 /* Products */,
			);
			sourceTree = "<group>";
		};
		B29363B019497CF80062C728 /* Products */ = {
			isa = PBXGroup;
			children = (
				B29363AF19497CF80062C728 /* MovieLookUp.app */,
				B29363C119497CF80062C728 /* MovieLookUpTests.xctest */,
			);
			name = Products;
			sourceTree = "<group>";
		};
		B29363B119497CF80062C728 /* MovieLookUp */ = {
			isa = PBXGroup;
			children = (
				B28000991949857200AC9712 /* APIController.swift */,
				B299FB381976970F00CB7382 /* Enum.swift */,
				B29363B419497CF80062C728 /* AppDelegate.swift */,
				B299FBD01977215B00CB7382 /* ViewControllers */,
				B299FBD11977221E00CB7382 /* Models */,
				B29363B819497CF80062C728 /* Main.storyboard */,
				B2AEBA4F1975B0C000F931D8 /* MovieLookUp-Bridging-Header.h */,
				B299FB6C1976E68200CB7382 /* MovieSelection.xcdatamodeld */,
				B29363BB19497CF80062C728 /* Images.xcassets */,
				B29063F9196961C10000FD2E /* default.jpeg */,
				B2D29A4519499FD5005BECB4 /* default.jpg */,
				B29363B219497CF80062C728 /* Supporting Files */,
			);
			path = MovieLookUp;
			sourceTree = "<group>";
		};
		B29363B219497CF80062C728 /* Supporting Files */ = {
			isa = PBXGroup;
			children = (
				B29363B319497CF80062C728 /* Info.plist */,
			);
			name = "Supporting Files";
			sourceTree = "<group>";
		};
		B29363C419497CF80062C728 /* MovieLookUpTests */ = {
			isa = PBXGroup;
			children = (
				B29363C719497CF80062C728 /* MovieLookUpTests.swift */,
				B29363C519497CF80062C728 /* Supporting Files */,
			);
			path = MovieLookUpTests;
			sourceTree = "<group>";
		};
		B29363C519497CF80062C728 /* Supporting Files */ = {
			isa = PBXGroup;
			children = (
				B29363C619497CF80062C728 /* Info.plist */,
			);
			name = "Supporting Files";
			sourceTree = "<group>";
		};
		B299FBD01977215B00CB7382 /* ViewControllers */ = {
			isa = PBXGroup;
			children = (
				B29438BA1949C70F003F2E93 /* MovieViewController.swift */,
				B299FB3C1976AE3100CB7382 /* CastViewController.swift */,
				B299FBD419772A2800CB7382 /* MovieSelectionViewController.swift */,
				B29363B619497CF80062C728 /* SearchViewController.swift */,
			);
			name = ViewControllers;
			sourceTree = "<group>";
		};
		B299FBD11977221E00CB7382 /* Models */ = {
			isa = PBXGroup;
			children = (
				B299FB711976ED2F00CB7382 /* MovieSelection.swift */,
				B280009D19498A9200AC9712 /* Movie.swift */,
				B299FB361976921D00CB7382 /* Cast.swift */,
			);
			name = Models;
			sourceTree = "<group>";
		};
		B2AEBA821975B4F800F931D8 /* SDWebImage */ = {
			isa = PBXGroup;
			children = (
				B2AEBA831975B4F800F931D8 /* MKAnnotationView+WebCache.h */,
				B2AEBA841975B4F800F931D8 /* MKAnnotationView+WebCache.m */,
				B2AEBA851975B4F800F931D8 /* NSData+ImageContentType.h */,
				B2AEBA861975B4F800F931D8 /* NSData+ImageContentType.m */,
				B2AEBA871975B4F800F931D8 /* SDImageCache.h */,
				B2AEBA881975B4F800F931D8 /* SDImageCache.m */,
				B2AEBA891975B4F800F931D8 /* SDWebImageCompat.h */,
				B2AEBA8A1975B4F800F931D8 /* SDWebImageCompat.m */,
				B2AEBA8B1975B4F800F931D8 /* SDWebImageDecoder.h */,
				B2AEBA8C1975B4F800F931D8 /* SDWebImageDecoder.m */,
				B2AEBA8D1975B4F800F931D8 /* SDWebImageDownloader.h */,
				B2AEBA8E1975B4F800F931D8 /* SDWebImageDownloader.m */,
				B2AEBA8F1975B4F800F931D8 /* SDWebImageDownloaderOperation.h */,
				B2AEBA901975B4F800F931D8 /* SDWebImageDownloaderOperation.m */,
				B2AEBA911975B4F800F931D8 /* SDWebImageManager.h */,
				B2AEBA921975B4F800F931D8 /* SDWebImageManager.m */,
				B2AEBA931975B4F800F931D8 /* SDWebImageOperation.h */,
				B2AEBA941975B4F800F931D8 /* SDWebImagePrefetcher.h */,
				B2AEBA951975B4F800F931D8 /* SDWebImagePrefetcher.m */,
				B2AEBA961975B4F800F931D8 /* UIButton+WebCache.h */,
				B2AEBA971975B4F800F931D8 /* UIButton+WebCache.m */,
				B2AEBA981975B4F800F931D8 /* UIImage+GIF.h */,
				B2AEBA991975B4F800F931D8 /* UIImage+GIF.m */,
				B2AEBA9A1975B4F800F931D8 /* UIImage+MultiFormat.h */,
				B2AEBA9B1975B4F800F931D8 /* UIImage+MultiFormat.m */,
				B2AEBA9C1975B4F800F931D8 /* UIImage+WebP.h */,
				B2AEBA9D1975B4F800F931D8 /* UIImage+WebP.m */,
				B2AEBA9E1975B4F800F931D8 /* UIImageView+HighlightedWebCache.h */,
				B2AEBA9F1975B4F800F931D8 /* UIImageView+HighlightedWebCache.m */,
				B2AEBAA01975B4F800F931D8 /* UIImageView+WebCache.h */,
				B2AEBAA11975B4F800F931D8 /* UIImageView+WebCache.m */,
				B2AEBAA21975B4F800F931D8 /* UIView+WebCacheOperation.h */,
				B2AEBAA31975B4F800F931D8 /* UIView+WebCacheOperation.m */,
			);
			path = SDWebImage;
			sourceTree = "<group>";
		};
/* End PBXGroup section */

/* Begin PBXNativeTarget section */
		B29363AE19497CF80062C728 /* MovieLookUp */ = {
			isa = PBXNativeTarget;
			buildConfigurationList = B29363CB19497CF80062C728 /* Build configuration list for PBXNativeTarget "MovieLookUp" */;
			buildPhases = (
				B29363AB19497CF80062C728 /* Sources */,
				B29363AC19497CF80062C728 /* Frameworks */,
				B29363AD19497CF80062C728 /* Resources */,
			);
			buildRules = (
			);
			dependencies = (
			);
			name = MovieLookUp;
			productName = MovieLookUp;
			productReference = B29363AF19497CF80062C728 /* MovieLookUp.app */;
			productType = "com.apple.product-type.application";
		};
		B29363C019497CF80062C728 /* MovieLookUpTests */ = {
			isa = PBXNativeTarget;
			buildConfigurationList = B29363CE19497CF80062C728 /* Build configuration list for PBXNativeTarget "MovieLookUpTests" */;
			buildPhases = (
				B29363BD19497CF80062C728 /* Sources */,
				B29363BE19497CF80062C728 /* Frameworks */,
				B29363BF19497CF80062C728 /* Resources */,
			);
			buildRules = (
			);
			dependencies = (
				B29363C319497CF80062C728 /* PBXTargetDependency */,
			);
			name = MovieLookUpTests;
			productName = MovieLookUpTests;
			productReference = B29363C119497CF80062C728 /* MovieLookUpTests.xctest */;
			productType = "com.apple.product-type.bundle.unit-test";
		};
/* End PBXNativeTarget section */

/* Begin PBXProject section */
		B29363A719497CF80062C728 /* Project object */ = {
			isa = PBXProject;
			attributes = {
				LastUpgradeCheck = 0600;
				ORGANIZATIONNAME = dna;
				TargetAttributes = {
					B29363AE19497CF80062C728 = {
						CreatedOnToolsVersion = 6.0;
					};
					B29363C019497CF80062C728 = {
						CreatedOnToolsVersion = 6.0;
						TestTargetID = B29363AE19497CF80062C728;
					};
				};
			};
			buildConfigurationList = B29363AA19497CF80062C728 /* Build configuration list for PBXProject "MovieLookUp" */;
			compatibilityVersion = "Xcode 3.2";
			developmentRegion = English;
			hasScannedForEncodings = 0;
			knownRegions = (
				en,
				Base,
			);
			mainGroup = B29363A619497CF80062C728;
			productRefGroup = B29363B019497CF80062C728 /* Products */;
			projectDirPath = "";
			projectRoot = "";
			targets = (
				B29363AE19497CF80062C728 /* MovieLookUp */,
				B29363C019497CF80062C728 /* MovieLookUpTests */,
			);
		};
/* End PBXProject section */

/* Begin PBXResourcesBuildPhase section */
		B29363AD19497CF80062C728 /* Resources */ = {
			isa = PBXResourcesBuildPhase;
			buildActionMask = 2147483647;
			files = (
				B29363BA19497CF80062C728 /* Main.storyboard in Resources */,
				B29063FA196961C10000FD2E /* default.jpeg in Resources */,
				B29363BC19497CF80062C728 /* Images.xcassets in Resources */,
				B2D29A4619499FD5005BECB4 /* default.jpg in Resources */,
			);
			runOnlyForDeploymentPostprocessing = 0;
		};
		B29363BF19497CF80062C728 /* Resources */ = {
			isa = PBXResourcesBuildPhase;
			buildActionMask = 2147483647;
			files = (
			);
			runOnlyForDeploymentPostprocessing = 0;
		};
/* End PBXResourcesBuildPhase section */

/* Begin PBXSourcesBuildPhase section */
		B29363AB19497CF80062C728 /* Sources */ = {
			isa = PBXSourcesBuildPhase;
			buildActionMask = 2147483647;
			files = (
				B29438BB1949C70F003F2E93 /* MovieViewController.swift in Sources */,
				B2AEBAB11975B4F800F931D8 /* UIImageView+HighlightedWebCache.m in Sources */,
				B2AEBAB21975B4F800F931D8 /* UIImageView+WebCache.m in Sources */,
				B2AEBAB01975B4F800F931D8 /* UIImage+WebP.m in Sources */,
				B2AEBAAC1975B4F800F931D8 /* SDWebImagePrefetcher.m in Sources */,
				B299FB721976ED2F00CB7382 /* MovieSelection.swift in Sources */,
				B299FB3D1976AE3100CB7382 /* CastViewController.swift in Sources */,
				B29363B719497CF80062C728 /* SearchViewController.swift in Sources */,
				B2AEBAA81975B4F800F931D8 /* SDWebImageDecoder.m in Sources */,
				B299FB6E1976E68200CB7382 /* MovieSelection.xcdatamodeld in Sources */,
				B2AEBAA91975B4F800F931D8 /* SDWebImageDownloader.m in Sources */,
				B299FB391976970F00CB7382 /* Enum.swift in Sources */,
				B299FB371976921D00CB7382 /* Cast.swift in Sources */,
				B29363B519497CF80062C728 /* AppDelegate.swift in Sources */,
				B2AEBAAB1975B4F800F931D8 /* SDWebImageManager.m in Sources */,
				B2AEBAB31975B4F800F931D8 /* UIView+WebCacheOperation.m in Sources */,
				B2AEBAAD1975B4F800F931D8 /* UIButton+WebCache.m in Sources */,
				B299FBD519772A2800CB7382 /* MovieSelectionViewController.swift in Sources */,
				B2AEBAAF1975B4F800F931D8 /* UIImage+MultiFormat.m in Sources */,
				B280009E19498A9200AC9712 /* Movie.swift in Sources */,
				B2AEBAAA1975B4F800F931D8 /* SDWebImageDownloaderOperation.m in Sources */,
				B2AEBAAE1975B4F800F931D8 /* UIImage+GIF.m in Sources */,
				B2AEBAA71975B4F800F931D8 /* SDWebImageCompat.m in Sources */,
				B2AEBAA51975B4F800F931D8 /* NSData+ImageContentType.m in Sources */,
				B280009A1949857200AC9712 /* APIController.swift in Sources */,
				B2AEBAA41975B4F800F931D8 /* MKAnnotationView+WebCache.m in Sources */,
				B2AEBAA61975B4F800F931D8 /* SDImageCache.m in Sources */,
			);
			runOnlyForDeploymentPostprocessing = 0;
		};
		B29363BD19497CF80062C728 /* Sources */ = {
			isa = PBXSourcesBuildPhase;
			buildActionMask = 2147483647;
			files = (
				B29363C819497CF80062C728 /* MovieLookUpTests.swift in Sources */,
			);
			runOnlyForDeploymentPostprocessing = 0;
		};
/* End PBXSourcesBuildPhase section */

/* Begin PBXTargetDependency section */
		B29363C319497CF80062C728 /* PBXTargetDependency */ = {
			isa = PBXTargetDependency;
			target = B29363AE19497CF80062C728 /* MovieLookUp */;
			targetProxy = B29363C219497CF80062C728 /* PBXContainerItemProxy */;
		};
/* End PBXTargetDependency section */

/* Begin PBXVariantGroup section */
		B29363B819497CF80062C728 /* Main.storyboard */ = {
			isa = PBXVariantGroup;
			children = (
				B29363B919497CF80062C728 /* Base */,
			);
			name = Main.storyboard;
			sourceTree = "<group>";
		};
/* End PBXVariantGroup section */

/* Begin XCBuildConfiguration section */
		B29363C919497CF80062C728 /* Debug */ = {
			isa = XCBuildConfiguration;
			buildSettings = {
				ALWAYS_SEARCH_USER_PATHS = NO;
				CLANG_CXX_LANGUAGE_STANDARD = "gnu++0x";
				CLANG_CXX_LIBRARY = "libc++";
				CLANG_ENABLE_MODULES = YES;
				CLANG_ENABLE_OBJC_ARC = YES;
				CLANG_WARN_BOOL_CONVERSION = YES;
				CLANG_WARN_CONSTANT_CONVERSION = YES;
				CLANG_WARN_DIRECT_OBJC_ISA_USAGE = YES_ERROR;
				CLANG_WARN_EMPTY_BODY = YES;
				CLANG_WARN_ENUM_CONVERSION = YES;
				CLANG_WARN_INT_CONVERSION = YES;
				CLANG_WARN_OBJC_ROOT_CLASS = YES_ERROR;
				CLANG_WARN_UNREACHABLE_CODE = YES;
				CLANG_WARN__DUPLICATE_METHOD_MATCH = YES;
				"CODE_SIGN_IDENTITY[sdk=iphoneos*]" = "iPhone Developer";
				COPY_PHASE_STRIP = NO;
				ENABLE_STRICT_OBJC_MSGSEND = YES;
				GCC_C_LANGUAGE_STANDARD = gnu99;
				GCC_DYNAMIC_NO_PIC = NO;
				GCC_OPTIMIZATION_LEVEL = 0;
				GCC_PREPROCESSOR_DEFINITIONS = (
					"DEBUG=1",
					"$(inherited)",
				);
				GCC_SYMBOLS_PRIVATE_EXTERN = NO;
				GCC_WARN_64_TO_32_BIT_CONVERSION = YES;
				GCC_WARN_ABOUT_RETURN_TYPE = YES_ERROR;
				GCC_WARN_UNDECLARED_SELECTOR = YES;
				GCC_WARN_UNINITIALIZED_AUTOS = YES_AGGRESSIVE;
				GCC_WARN_UNUSED_FUNCTION = YES;
				GCC_WARN_UNUSED_VARIABLE = YES;
				IPHONEOS_DEPLOYMENT_TARGET = 8.0;
				METAL_ENABLE_DEBUG_INFO = YES;
				ONLY_ACTIVE_ARCH = YES;
				SDKROOT = iphoneos;
				SWIFT_OPTIMIZATION_LEVEL = "-Onone";
				TARGETED_DEVICE_FAMILY = "1,2";
			};
			name = Debug;
		};
		B29363CA19497CF80062C728 /* Release */ = {
			isa = XCBuildConfiguration;
			buildSettings = {
				ALWAYS_SEARCH_USER_PATHS = NO;
				CLANG_CXX_LANGUAGE_STANDARD = "gnu++0x";
				CLANG_CXX_LIBRARY = "libc++";
				CLANG_ENABLE_MODULES = YES;
				CLANG_ENABLE_OBJC_ARC = YES;
				CLANG_WARN_BOOL_CONVERSION = YES;
				CLANG_WARN_CONSTANT_CONVERSION = YES;
				CLANG_WARN_DIRECT_OBJC_ISA_USAGE = YES_ERROR;
				CLANG_WARN_EMPTY_BODY = YES;
				CLANG_WARN_ENUM_CONVERSION = YES;
				CLANG_WARN_INT_CONVERSION = YES;
				CLANG_WARN_OBJC_ROOT_CLASS = YES_ERROR;
				CLANG_WARN_UNREACHABLE_CODE = YES;
				CLANG_WARN__DUPLICATE_METHOD_MATCH = YES;
				"CODE_SIGN_IDENTITY[sdk=iphoneos*]" = "iPhone Developer";
				COPY_PHASE_STRIP = YES;
				ENABLE_NS_ASSERTIONS = NO;
				ENABLE_STRICT_OBJC_MSGSEND = YES;
				GCC_C_LANGUAGE_STANDARD = gnu99;
				GCC_WARN_64_TO_32_BIT_CONVERSION = YES;
				GCC_WARN_ABOUT_RETURN_TYPE = YES_ERROR;
				GCC_WARN_UNDECLARED_SELECTOR = YES;
				GCC_WARN_UNINITIALIZED_AUTOS = YES_AGGRESSIVE;
				GCC_WARN_UNUSED_FUNCTION = YES;
				GCC_WARN_UNUSED_VARIABLE = YES;
				IPHONEOS_DEPLOYMENT_TARGET = 8.0;
				METAL_ENABLE_DEBUG_INFO = NO;
				SDKROOT = iphoneos;
				TARGETED_DEVICE_FAMILY = "1,2";
				VALIDATE_PRODUCT = YES;
			};
			name = Release;
		};
		B29363CC19497CF80062C728 /* Debug */ = {
			isa = XCBuildConfiguration;
			buildSettings = {
				ASSETCATALOG_COMPILER_APPICON_NAME = AppIcon;
				ASSETCATALOG_COMPILER_LAUNCHIMAGE_NAME = LaunchImage;
				INFOPLIST_FILE = MovieLookUp/Info.plist;
				IPHONEOS_DEPLOYMENT_TARGET = 7.0;
				LD_RUNPATH_SEARCH_PATHS = "$(inherited) @executable_path/Frameworks";
				OTHER_LDFLAGS = "-ObjC";
				PRODUCT_NAME = "$(TARGET_NAME)";
				SWIFT_OBJC_BRIDGING_HEADER = "MovieLookUp/MovieLookUp-Bridging-Header.h";
			};
			name = Debug;
		};
		B29363CD19497CF80062C728 /* Release */ = {
			isa = XCBuildConfiguration;
			buildSettings = {
				ASSETCATALOG_COMPILER_APPICON_NAME = AppIcon;
				ASSETCATALOG_COMPILER_LAUNCHIMAGE_NAME = LaunchImage;
				INFOPLIST_FILE = MovieLookUp/Info.plist;
				IPHONEOS_DEPLOYMENT_TARGET = 7.0;
				LD_RUNPATH_SEARCH_PATHS = "$(inherited) @executable_path/Frameworks";
				OTHER_LDFLAGS = "-ObjC";
				PRODUCT_NAME = "$(TARGET_NAME)";
				SWIFT_OBJC_BRIDGING_HEADER = "MovieLookUp/MovieLookUp-Bridging-Header.h";
			};
			name = Release;
		};
		B29363CF19497CF80062C728 /* Debug */ = {
			isa = XCBuildConfiguration;
			buildSettings = {
				BUNDLE_LOADER = "$(BUILT_PRODUCTS_DIR)/MovieLookUp.app/MovieLookUp";
				FRAMEWORK_SEARCH_PATHS = (
					"$(SDKROOT)/Developer/Library/Frameworks",
					"$(inherited)",
				);
				GCC_PREPROCESSOR_DEFINITIONS = (
					"DEBUG=1",
					"$(inherited)",
				);
				INFOPLIST_FILE = MovieLookUpTests/Info.plist;
				LD_RUNPATH_SEARCH_PATHS = "$(inherited) @executable_path/Frameworks @loader_path/Frameworks";
				METAL_ENABLE_DEBUG_INFO = YES;
				PRODUCT_NAME = "$(TARGET_NAME)";
				TEST_HOST = "$(BUNDLE_LOADER)";
			};
			name = Debug;
		};
		B29363D019497CF80062C728 /* Release */ = {
			isa = XCBuildConfiguration;
			buildSettings = {
				BUNDLE_LOADER = "$(BUILT_PRODUCTS_DIR)/MovieLookUp.app/MovieLookUp";
				FRAMEWORK_SEARCH_PATHS = (
					"$(SDKROOT)/Developer/Library/Frameworks",
					"$(inherited)",
				);
				INFOPLIST_FILE = MovieLookUpTests/Info.plist;
				LD_RUNPATH_SEARCH_PATHS = "$(inherited) @executable_path/Frameworks @loader_path/Frameworks";
				METAL_ENABLE_DEBUG_INFO = NO;
				PRODUCT_NAME = "$(TARGET_NAME)";
				TEST_HOST = "$(BUNDLE_LOADER)";
			};
			name = Release;
		};
/* End XCBuildConfiguration section */

/* Begin XCConfigurationList section */
		B29363AA19497CF80062C728 /* Build configuration list for PBXProject "MovieLookUp" */ = {
			isa = XCConfigurationList;
			buildConfigurations = (
				B29363C919497CF80062C728 /* Debug */,
				B29363CA19497CF80062C728 /* Release */,
			);
			defaultConfigurationIsVisible = 0;
			defaultConfigurationName = Release;
		};
		B29363CB19497CF80062C728 /* Build configuration list for PBXNativeTarget "MovieLookUp" */ = {
			isa = XCConfigurationList;
			buildConfigurations = (
				B29363CC19497CF80062C728 /* Debug */,
				B29363CD19497CF80062C728 /* Release */,
			);
			defaultConfigurationIsVisible = 0;
			defaultConfigurationName = Release;
		};
		B29363CE19497CF80062C728 /* Build configuration list for PBXNativeTarget "MovieLookUpTests" */ = {
			isa = XCConfigurationList;
			buildConfigurations = (
				B29363CF19497CF80062C728 /* Debug */,
				B29363D019497CF80062C728 /* Release */,
			);
			defaultConfigurationIsVisible = 0;
			defaultConfigurationName = Release;
		};
/* End XCConfigurationList section */

/* Begin XCVersionGroup section */
		B299FB6C1976E68200CB7382 /* MovieSelection.xcdatamodeld */ = {
			isa = XCVersionGroup;
			children = (
				B299FB6D1976E68200CB7382 /* MovieSelection.xcdatamodel */,
			);
			currentVersion = B299FB6D1976E68200CB7382 /* MovieSelection.xcdatamodel */;
			path = MovieSelection.xcdatamodeld;
			sourceTree = "<group>";
			versionGroupType = wrapper.xcdatamodel;
		};
/* End XCVersionGroup section */
	};
	rootObject = B29363A719497CF80062C728 /* Project object */;
}
